// !$*UTF8*$!
{
	archiveVersion = 1;
	classes = {
	};
	objectVersion = 56;
	objects = {

/* Begin PBXBuildFile section */
		3202B5522C623E600047A333 /* AuthenticationView.swift in Sources */ = {isa = PBXBuildFile; fileRef = 3202B5512C623E600047A333 /* AuthenticationView.swift */; };
		3202B5552C62AC5A0047A333 /* Localizable.strings in Resources */ = {isa = PBXBuildFile; fileRef = 3202B5532C62AC5A0047A333 /* Localizable.strings */; };
		320B91762C8718A700C21EA6 /* ProductView.swift in Sources */ = {isa = PBXBuildFile; fileRef = 320B91752C8718A700C21EA6 /* ProductView.swift */; };
		320B91782C8718EF00C21EA6 /* ProductViewModel.swift in Sources */ = {isa = PBXBuildFile; fileRef = 320B91772C8718EF00C21EA6 /* ProductViewModel.swift */; };
		320B917D2C874F8300C21EA6 /* Favorite.swift in Sources */ = {isa = PBXBuildFile; fileRef = 320B917C2C874F8300C21EA6 /* Favorite.swift */; };
		320F67BA2C8A564B005D6593 /* GoogleSignIn in Frameworks */ = {isa = PBXBuildFile; productRef = 320F67B92C8A564B005D6593 /* GoogleSignIn */; };
		320F67BC2C8A564B005D6593 /* GoogleSignInSwift in Frameworks */ = {isa = PBXBuildFile; productRef = 320F67BB2C8A564B005D6593 /* GoogleSignInSwift */; };
		321296612C80F71E00BB57A7 /* PageItemView.swift in Sources */ = {isa = PBXBuildFile; fileRef = 321296602C80F71E00BB57A7 /* PageItemView.swift */; };
		321296632C810BDF00BB57A7 /* ProductGridView.swift in Sources */ = {isa = PBXBuildFile; fileRef = 321296622C810BDF00BB57A7 /* ProductGridView.swift */; };
		3221A1F32C9DA6F800274CEC /* BagViewModel.swift in Sources */ = {isa = PBXBuildFile; fileRef = 3221A1F22C9DA6F800274CEC /* BagViewModel.swift */; };
		3221A1F52C9DA9A600274CEC /* BagItem.swift in Sources */ = {isa = PBXBuildFile; fileRef = 3221A1F42C9DA9A600274CEC /* BagItem.swift */; };
		3223E1B72CBD4B550083F3DE /* PrivacyPolicyView.swift in Sources */ = {isa = PBXBuildFile; fileRef = 3223E1B62CBD4B550083F3DE /* PrivacyPolicyView.swift */; };
		3223E1B92CBD4B740083F3DE /* TermsAndConditionsView.swift in Sources */ = {isa = PBXBuildFile; fileRef = 3223E1B82CBD4B740083F3DE /* TermsAndConditionsView.swift */; };
		3223E1BB2CBD4B900083F3DE /* HelpAndSupportView.swift in Sources */ = {isa = PBXBuildFile; fileRef = 3223E1BA2CBD4B900083F3DE /* HelpAndSupportView.swift */; };
		32362D5C2C8CC720001C1A70 /* Review.swift in Sources */ = {isa = PBXBuildFile; fileRef = 32362D5B2C8CC720001C1A70 /* Review.swift */; };
		32377D992CAF202B0052F56D /* CapsuleButtonStyle.swift in Sources */ = {isa = PBXBuildFile; fileRef = 32377D982CAF202B0052F56D /* CapsuleButtonStyle.swift */; };
		323A1A822C6CB5160098A4DA /* NetworkMonitor.swift in Sources */ = {isa = PBXBuildFile; fileRef = 323A1A812C6CB5160098A4DA /* NetworkMonitor.swift */; };
		323CDD982C63C110009B5182 /* SignUpLogInView.swift in Sources */ = {isa = PBXBuildFile; fileRef = 323CDD972C63C110009B5182 /* SignUpLogInView.swift */; };
		323CDD9C2C63D1FF009B5182 /* SignUpLogInStack.swift in Sources */ = {isa = PBXBuildFile; fileRef = 323CDD9B2C63D1FF009B5182 /* SignUpLogInStack.swift */; };
		323CDDA12C63D4C0009B5182 /* NStack.swift in Sources */ = {isa = PBXBuildFile; fileRef = 323CDDA02C63D4BF009B5182 /* NStack.swift */; };
		323CDDA42C63D720009B5182 /* SignUpLogInCoordinator.swift in Sources */ = {isa = PBXBuildFile; fileRef = 323CDDA32C63D720009B5182 /* SignUpLogInCoordinator.swift */; };
		323CDDA82C63D7DF009B5182 /* SignUpLogInCoordinatorView.swift in Sources */ = {isa = PBXBuildFile; fileRef = 323CDDA72C63D7DF009B5182 /* SignUpLogInCoordinatorView.swift */; };
		3249EAC62C64FD87004C478F /* View+Ext.swift in Sources */ = {isa = PBXBuildFile; fileRef = 3249EAC52C64FD87004C478F /* View+Ext.swift */; };
		324A88A32CB69DA5004574E3 /* BaseViewModel.swift in Sources */ = {isa = PBXBuildFile; fileRef = 324A88A22CB69DA5004574E3 /* BaseViewModel.swift */; };
		324A88A92CB6CA61004574E3 /* SettingsView.swift in Sources */ = {isa = PBXBuildFile; fileRef = 324A88A82CB6CA61004574E3 /* SettingsView.swift */; };
		324ADFC32C9B5BFC007C9088 /* FavoriteItem.swift in Sources */ = {isa = PBXBuildFile; fileRef = 324ADFC22C9B5BFC007C9088 /* FavoriteItem.swift */; };
		324CCBB42C7A241C00EC849E /* ShowProgressViewModifier.swift in Sources */ = {isa = PBXBuildFile; fileRef = 324CCBB32C7A241C00EC849E /* ShowProgressViewModifier.swift */; };
		3255356A2C612F0700E7B1F3 /* EasyBuy_App.swift in Sources */ = {isa = PBXBuildFile; fileRef = 325535692C612F0700E7B1F3 /* EasyBuy_App.swift */; };
		3255356E2C612F0900E7B1F3 /* Assets.xcassets in Resources */ = {isa = PBXBuildFile; fileRef = 3255356D2C612F0900E7B1F3 /* Assets.xcassets */; };
		325535712C612F0900E7B1F3 /* Preview Assets.xcassets in Resources */ = {isa = PBXBuildFile; fileRef = 325535702C612F0900E7B1F3 /* Preview Assets.xcassets */; };
		325535792C61351000E7B1F3 /* HttpClient.swift in Sources */ = {isa = PBXBuildFile; fileRef = 325535782C61351000E7B1F3 /* HttpClient.swift */; };
		3255357B2C61353700E7B1F3 /* APIConfig.swift in Sources */ = {isa = PBXBuildFile; fileRef = 3255357A2C61353700E7B1F3 /* APIConfig.swift */; };
		3255357E2C613F5D00E7B1F3 /* HTTPConfig.swift in Sources */ = {isa = PBXBuildFile; fileRef = 3255357D2C613F5D00E7B1F3 /* HTTPConfig.swift */; };
		325C26162C932A7200D1C2A5 /* Bag.swift in Sources */ = {isa = PBXBuildFile; fileRef = 325C26152C932A7200D1C2A5 /* Bag.swift */; };
		325C8F322CB004CA001A7EBF /* OrdersView.swift in Sources */ = {isa = PBXBuildFile; fileRef = 325C8F312CB004CA001A7EBF /* OrdersView.swift */; };
		325C8F342CB004D2001A7EBF /* OrdersViewModel.swift in Sources */ = {isa = PBXBuildFile; fileRef = 325C8F332CB004D2001A7EBF /* OrdersViewModel.swift */; };
		325EA5DC2CD906DB00AC2053 /* LaunchScreenView.swift in Sources */ = {isa = PBXBuildFile; fileRef = 325EA5DB2CD906DB00AC2053 /* LaunchScreenView.swift */; };
		325EA5DE2CD9125500AC2053 /* CheckoutView.swift in Sources */ = {isa = PBXBuildFile; fileRef = 325EA5DD2CD9125500AC2053 /* CheckoutView.swift */; };
		325EA5E42CD9129700AC2053 /* CheckoutViewModel.swift in Sources */ = {isa = PBXBuildFile; fileRef = 325EA5E32CD9129700AC2053 /* CheckoutViewModel.swift */; };
		3269476A2C77A523004D56D4 /* ProductsCoordinatorView.swift in Sources */ = {isa = PBXBuildFile; fileRef = 326947692C77A523004D56D4 /* ProductsCoordinatorView.swift */; };
		3269476C2C77A534004D56D4 /* FavoritesCoordinatorView.swift in Sources */ = {isa = PBXBuildFile; fileRef = 3269476B2C77A534004D56D4 /* FavoritesCoordinatorView.swift */; };
		3269476E2C77A53E004D56D4 /* BagCoordinatorView.swift in Sources */ = {isa = PBXBuildFile; fileRef = 3269476D2C77A53E004D56D4 /* BagCoordinatorView.swift */; };
		326947702C77A54B004D56D4 /* ProfileCoordinatorView.swift in Sources */ = {isa = PBXBuildFile; fileRef = 3269476F2C77A54B004D56D4 /* ProfileCoordinatorView.swift */; };
		326947752C77CCCF004D56D4 /* Product.swift in Sources */ = {isa = PBXBuildFile; fileRef = 326947742C77CCCF004D56D4 /* Product.swift */; };
		326947772C77CD9A004D56D4 /* CategoryEnum.swift in Sources */ = {isa = PBXBuildFile; fileRef = 326947762C77CD9A004D56D4 /* CategoryEnum.swift */; };
		326947792C77CDF2004D56D4 /* ProductsViewModel.swift in Sources */ = {isa = PBXBuildFile; fileRef = 326947782C77CDF2004D56D4 /* ProductsViewModel.swift */; };
		327656382C677A690048790B /* Color+Ext.swift in Sources */ = {isa = PBXBuildFile; fileRef = 327656372C677A690048790B /* Color+Ext.swift */; };
		3276563A2C6788530048790B /* SecureTextField.swift in Sources */ = {isa = PBXBuildFile; fileRef = 327656392C6788530048790B /* SecureTextField.swift */; };
		3276563C2C67A94A0048790B /* TextFieldModifier.swift in Sources */ = {isa = PBXBuildFile; fileRef = 3276563B2C67A94A0048790B /* TextFieldModifier.swift */; };
		327719B02C74B5C20064B287 /* ProductsView.swift in Sources */ = {isa = PBXBuildFile; fileRef = 327719AF2C74B5C20064B287 /* ProductsView.swift */; };
		327719B22C74B5D30064B287 /* FavoritesView.swift in Sources */ = {isa = PBXBuildFile; fileRef = 327719B12C74B5D30064B287 /* FavoritesView.swift */; };
		327719B42C74B5E50064B287 /* BagView.swift in Sources */ = {isa = PBXBuildFile; fileRef = 327719B32C74B5E50064B287 /* BagView.swift */; };
		327719B62C74B5F50064B287 /* ProfileView.swift in Sources */ = {isa = PBXBuildFile; fileRef = 327719B52C74B5F50064B287 /* ProfileView.swift */; };
		327719BB2C74B6550064B287 /* Tab.swift in Sources */ = {isa = PBXBuildFile; fileRef = 327719BA2C74B6550064B287 /* Tab.swift */; };
		327719BD2C74B87D0064B287 /* MainTabView.swift in Sources */ = {isa = PBXBuildFile; fileRef = 327719BC2C74B87D0064B287 /* MainTabView.swift */; };
		327719BF2C74BA740064B287 /* MainTabCoordinator.swift in Sources */ = {isa = PBXBuildFile; fileRef = 327719BE2C74BA740064B287 /* MainTabCoordinator.swift */; };
		327719C52C74BBA00064B287 /* ProductsStack.swift in Sources */ = {isa = PBXBuildFile; fileRef = 327719C42C74BBA00064B287 /* ProductsStack.swift */; };
		327719C72C74BBB10064B287 /* FavoritesStack.swift in Sources */ = {isa = PBXBuildFile; fileRef = 327719C62C74BBB10064B287 /* FavoritesStack.swift */; };
		327719C92C74BBBC0064B287 /* BagStack.swift in Sources */ = {isa = PBXBuildFile; fileRef = 327719C82C74BBBC0064B287 /* BagStack.swift */; };
		327719CB2C74BBD10064B287 /* ProfileStack.swift in Sources */ = {isa = PBXBuildFile; fileRef = 327719CA2C74BBD10064B287 /* ProfileStack.swift */; };
		327BD04E2C6F9CD800E56935 /* TopViewController.swift in Sources */ = {isa = PBXBuildFile; fileRef = 327BD04D2C6F9CD800E56935 /* TopViewController.swift */; };
		32835FB22C80942A007B0A71 /* SwipeSlide.swift in Sources */ = {isa = PBXBuildFile; fileRef = 32835FB12C809429007B0A71 /* SwipeSlide.swift */; };
		32835FB42C80A471007B0A71 /* CategoryProductsView.swift in Sources */ = {isa = PBXBuildFile; fileRef = 32835FB32C80A471007B0A71 /* CategoryProductsView.swift */; };
		32835FB62C80BF0F007B0A71 /* CategoryProductsViewModel.swift in Sources */ = {isa = PBXBuildFile; fileRef = 32835FB52C80BF0F007B0A71 /* CategoryProductsViewModel.swift */; };
		32873E7D2C921A9D007DD07E /* ProductImageView.swift in Sources */ = {isa = PBXBuildFile; fileRef = 32873E7C2C921A9D007DD07E /* ProductImageView.swift */; };
		32873E7F2C921CF7007DD07E /* ProductSummaryView.swift in Sources */ = {isa = PBXBuildFile; fileRef = 32873E7E2C921CF7007DD07E /* ProductSummaryView.swift */; };
		32873E812C921DE3007DD07E /* ProductReviewView.swift in Sources */ = {isa = PBXBuildFile; fileRef = 32873E802C921DE3007DD07E /* ProductReviewView.swift */; };
		3289E6992CB55DA800E60EB3 /* PersonalDataField.swift in Sources */ = {isa = PBXBuildFile; fileRef = 3289E6982CB55DA800E60EB3 /* PersonalDataField.swift */; };
		3289E69B2CB55F0B00E60EB3 /* EditPersonalDataViewModel.swift in Sources */ = {isa = PBXBuildFile; fileRef = 3289E69A2CB55F0B00E60EB3 /* EditPersonalDataViewModel.swift */; };
		3289E69F2CB566C100E60EB3 /* EditPersonalDataView.swift in Sources */ = {isa = PBXBuildFile; fileRef = 3289E69E2CB566C100E60EB3 /* EditPersonalDataView.swift */; };
		329D86D42C791CA40014B601 /* HandlerError.swift in Sources */ = {isa = PBXBuildFile; fileRef = 329D86D32C791CA40014B601 /* HandlerError.swift */; };
		329D86DA2C791E4A0014B601 /* ShowErrorMessegaModifier.swift in Sources */ = {isa = PBXBuildFile; fileRef = 329D86D92C791E4A0014B601 /* ShowErrorMessegaModifier.swift */; };
		32A260AD2CB456570086BEFA /* PersonalDataView.swift in Sources */ = {isa = PBXBuildFile; fileRef = 32A260AC2CB456570086BEFA /* PersonalDataView.swift */; };
		32A260AF2CB4575E0086BEFA /* PersonalDataViewModel.swift in Sources */ = {isa = PBXBuildFile; fileRef = 32A260AE2CB4575E0086BEFA /* PersonalDataViewModel.swift */; };
		32A260B12CB46A810086BEFA /* RoundedButtonStyle.swift in Sources */ = {isa = PBXBuildFile; fileRef = 32A260B02CB46A810086BEFA /* RoundedButtonStyle.swift */; };
		32A260B32CB4745A0086BEFA /* EmojiPicker.swift in Sources */ = {isa = PBXBuildFile; fileRef = 32A260B22CB4745A0086BEFA /* EmojiPicker.swift */; };
		32A38E722CAC6B3F00F61255 /* BagBottomBarView.swift in Sources */ = {isa = PBXBuildFile; fileRef = 32A38E712CAC6B3E00F61255 /* BagBottomBarView.swift */; };
		32A38E772CAC76A000F61255 /* Order.swift in Sources */ = {isa = PBXBuildFile; fileRef = 32A38E762CAC76A000F61255 /* Order.swift */; };
		32A38E792CAC76D200F61255 /* StatusOrderEnum.swift in Sources */ = {isa = PBXBuildFile; fileRef = 32A38E782CAC76D200F61255 /* StatusOrderEnum.swift */; };
		32A552F32C942F6F00EB02DD /* FavoritesViewModel.swift in Sources */ = {isa = PBXBuildFile; fileRef = 32A552F22C942F6F00EB02DD /* FavoritesViewModel.swift */; };
		32AE6D6A2C7DF170003B22A7 /* Letters.swift in Sources */ = {isa = PBXBuildFile; fileRef = 32AE6D692C7DF170003B22A7 /* Letters.swift */; };
		32AE6D6C2C7DF19A003B22A7 /* LettersView.swift in Sources */ = {isa = PBXBuildFile; fileRef = 32AE6D6B2C7DF19A003B22A7 /* LettersView.swift */; };
		32BCA8182CB41D8C00144257 /* OrderDetailsView.swift in Sources */ = {isa = PBXBuildFile; fileRef = 32BCA8172CB41D8B00144257 /* OrderDetailsView.swift */; };
		32BCA81A2CB41DB700144257 /* OrderDetailsViewModel.swift in Sources */ = {isa = PBXBuildFile; fileRef = 32BCA8192CB41DB700144257 /* OrderDetailsViewModel.swift */; };
		32C0ED712C6A107F00A9886E /* SignUpLogInViewModel.swift in Sources */ = {isa = PBXBuildFile; fileRef = 32C0ED702C6A107F00A9886E /* SignUpLogInViewModel.swift */; };
		32C0ED732C6A5CE900A9886E /* UserSignUp.swift in Sources */ = {isa = PBXBuildFile; fileRef = 32C0ED722C6A5CE900A9886E /* UserSignUp.swift */; };
		32C0ED752C6A6F6800A9886E /* ModelError.swift in Sources */ = {isa = PBXBuildFile; fileRef = 32C0ED742C6A6F6800A9886E /* ModelError.swift */; };
		32C0ED782C6A958000A9886E /* KeychainHelper.swift in Sources */ = {isa = PBXBuildFile; fileRef = 32C0ED772C6A958000A9886E /* KeychainHelper.swift */; };
		32C0ED7C2C6A977200A9886E /* TokenModel.swift in Sources */ = {isa = PBXBuildFile; fileRef = 32C0ED7B2C6A977200A9886E /* TokenModel.swift */; };
		32C0ED7E2C6A9EFB00A9886E /* AppState.swift in Sources */ = {isa = PBXBuildFile; fileRef = 32C0ED7D2C6A9EFB00A9886E /* AppState.swift */; };
		32C49C242C8B4B55009AD0BA /* ImageLoader.swift in Sources */ = {isa = PBXBuildFile; fileRef = 32C49C232C8B4B55009AD0BA /* ImageLoader.swift */; };
		32C49E992C9A134100DC4C57 /* AnyTransition+Ext.swift in Sources */ = {isa = PBXBuildFile; fileRef = 32C49E982C9A134100DC4C57 /* AnyTransition+Ext.swift */; };
		32C6706F2C73B97500C209E5 /* AppDelegate.swift in Sources */ = {isa = PBXBuildFile; fileRef = 32C6706E2C73B97500C209E5 /* AppDelegate.swift */; };
		32C671C92C6638AB00E392D4 /* View+Modifire.swift in Sources */ = {isa = PBXBuildFile; fileRef = 32C671C82C6638AB00E392D4 /* View+Modifire.swift */; };
		32ED2EE22CB84719003FFB53 /* SecurityView.swift in Sources */ = {isa = PBXBuildFile; fileRef = 32ED2EE12CB84719003FFB53 /* SecurityView.swift */; };
		32ED2EE62CB84743003FFB53 /* SecurityViewModel.swift in Sources */ = {isa = PBXBuildFile; fileRef = 32ED2EE52CB84743003FFB53 /* SecurityViewModel.swift */; };
		32EFE3742CADBCEC004A58DF /* User.swift in Sources */ = {isa = PBXBuildFile; fileRef = 32EFE3732CADBCEC004A58DF /* User.swift */; };
		32EFE3762CADBDC9004A58DF /* ProfileViewModel.swift in Sources */ = {isa = PBXBuildFile; fileRef = 32EFE3752CADBDC9004A58DF /* ProfileViewModel.swift */; };
		32FACDE22C8355FA007769DE /* StrokeModifier.swift in Sources */ = {isa = PBXBuildFile; fileRef = 32FACDE12C8355FA007769DE /* StrokeModifier.swift */; };
/* End PBXBuildFile section */

/* Begin PBXFileReference section */
		3202B5512C623E600047A333 /* AuthenticationView.swift */ = {isa = PBXFileReference; lastKnownFileType = sourcecode.swift; path = AuthenticationView.swift; sourceTree = "<group>"; };
		3202B5542C62AC5A0047A333 /* en */ = {isa = PBXFileReference; lastKnownFileType = text.plist.strings; name = en; path = en.lproj/Localizable.strings; sourceTree = "<group>"; };
		3202B5572C62AC7F0047A333 /* uk */ = {isa = PBXFileReference; lastKnownFileType = text.plist.strings; name = uk; path = uk.lproj/Localizable.strings; sourceTree = "<group>"; };
		320B91752C8718A700C21EA6 /* ProductView.swift */ = {isa = PBXFileReference; lastKnownFileType = sourcecode.swift; path = ProductView.swift; sourceTree = "<group>"; };
		320B91772C8718EF00C21EA6 /* ProductViewModel.swift */ = {isa = PBXFileReference; lastKnownFileType = sourcecode.swift; path = ProductViewModel.swift; sourceTree = "<group>"; };
		320B917C2C874F8300C21EA6 /* Favorite.swift */ = {isa = PBXFileReference; lastKnownFileType = sourcecode.swift; path = Favorite.swift; sourceTree = "<group>"; };
		321296602C80F71E00BB57A7 /* PageItemView.swift */ = {isa = PBXFileReference; lastKnownFileType = sourcecode.swift; path = PageItemView.swift; sourceTree = "<group>"; };
		321296622C810BDF00BB57A7 /* ProductGridView.swift */ = {isa = PBXFileReference; lastKnownFileType = sourcecode.swift; path = ProductGridView.swift; sourceTree = "<group>"; };
		3221A1F22C9DA6F800274CEC /* BagViewModel.swift */ = {isa = PBXFileReference; lastKnownFileType = sourcecode.swift; path = BagViewModel.swift; sourceTree = "<group>"; };
		3221A1F42C9DA9A600274CEC /* BagItem.swift */ = {isa = PBXFileReference; lastKnownFileType = sourcecode.swift; path = BagItem.swift; sourceTree = "<group>"; };
		3223E1B62CBD4B550083F3DE /* PrivacyPolicyView.swift */ = {isa = PBXFileReference; lastKnownFileType = sourcecode.swift; path = PrivacyPolicyView.swift; sourceTree = "<group>"; };
		3223E1B82CBD4B740083F3DE /* TermsAndConditionsView.swift */ = {isa = PBXFileReference; lastKnownFileType = sourcecode.swift; path = TermsAndConditionsView.swift; sourceTree = "<group>"; };
		3223E1BA2CBD4B900083F3DE /* HelpAndSupportView.swift */ = {isa = PBXFileReference; lastKnownFileType = sourcecode.swift; path = HelpAndSupportView.swift; sourceTree = "<group>"; };
		32362D5B2C8CC720001C1A70 /* Review.swift */ = {isa = PBXFileReference; lastKnownFileType = sourcecode.swift; path = Review.swift; sourceTree = "<group>"; };
		32377D982CAF202B0052F56D /* CapsuleButtonStyle.swift */ = {isa = PBXFileReference; lastKnownFileType = sourcecode.swift; path = CapsuleButtonStyle.swift; sourceTree = "<group>"; };
		323A1A812C6CB5160098A4DA /* NetworkMonitor.swift */ = {isa = PBXFileReference; lastKnownFileType = sourcecode.swift; path = NetworkMonitor.swift; sourceTree = "<group>"; };
		323CDD972C63C110009B5182 /* SignUpLogInView.swift */ = {isa = PBXFileReference; lastKnownFileType = sourcecode.swift; path = SignUpLogInView.swift; sourceTree = "<group>"; };
		323CDD9B2C63D1FF009B5182 /* SignUpLogInStack.swift */ = {isa = PBXFileReference; lastKnownFileType = sourcecode.swift; path = SignUpLogInStack.swift; sourceTree = "<group>"; };
		323CDDA02C63D4BF009B5182 /* NStack.swift */ = {isa = PBXFileReference; lastKnownFileType = sourcecode.swift; path = NStack.swift; sourceTree = "<group>"; };
		323CDDA32C63D720009B5182 /* SignUpLogInCoordinator.swift */ = {isa = PBXFileReference; lastKnownFileType = sourcecode.swift; path = SignUpLogInCoordinator.swift; sourceTree = "<group>"; };
		323CDDA72C63D7DF009B5182 /* SignUpLogInCoordinatorView.swift */ = {isa = PBXFileReference; lastKnownFileType = sourcecode.swift; path = SignUpLogInCoordinatorView.swift; sourceTree = "<group>"; };
		3249EAC52C64FD87004C478F /* View+Ext.swift */ = {isa = PBXFileReference; lastKnownFileType = sourcecode.swift; path = "View+Ext.swift"; sourceTree = "<group>"; };
		324A88A22CB69DA5004574E3 /* BaseViewModel.swift */ = {isa = PBXFileReference; lastKnownFileType = sourcecode.swift; path = BaseViewModel.swift; sourceTree = "<group>"; };
		324A88A82CB6CA61004574E3 /* SettingsView.swift */ = {isa = PBXFileReference; lastKnownFileType = sourcecode.swift; path = SettingsView.swift; sourceTree = "<group>"; };
		324ADFC22C9B5BFC007C9088 /* FavoriteItem.swift */ = {isa = PBXFileReference; lastKnownFileType = sourcecode.swift; path = FavoriteItem.swift; sourceTree = "<group>"; };
		324CCBB32C7A241C00EC849E /* ShowProgressViewModifier.swift */ = {isa = PBXFileReference; lastKnownFileType = sourcecode.swift; path = ShowProgressViewModifier.swift; sourceTree = "<group>"; };
		325535662C612F0700E7B1F3 /* EasyBuy_App.app */ = {isa = PBXFileReference; explicitFileType = wrapper.application; includeInIndex = 0; path = EasyBuy_App.app; sourceTree = BUILT_PRODUCTS_DIR; };
		325535692C612F0700E7B1F3 /* EasyBuy_App.swift */ = {isa = PBXFileReference; lastKnownFileType = sourcecode.swift; path = EasyBuy_App.swift; sourceTree = "<group>"; };
		3255356D2C612F0900E7B1F3 /* Assets.xcassets */ = {isa = PBXFileReference; lastKnownFileType = folder.assetcatalog; path = Assets.xcassets; sourceTree = "<group>"; };
		325535702C612F0900E7B1F3 /* Preview Assets.xcassets */ = {isa = PBXFileReference; lastKnownFileType = folder.assetcatalog; path = "Preview Assets.xcassets"; sourceTree = "<group>"; };
		325535782C61351000E7B1F3 /* HttpClient.swift */ = {isa = PBXFileReference; lastKnownFileType = sourcecode.swift; path = HttpClient.swift; sourceTree = "<group>"; };
		3255357A2C61353700E7B1F3 /* APIConfig.swift */ = {isa = PBXFileReference; lastKnownFileType = sourcecode.swift; path = APIConfig.swift; sourceTree = "<group>"; };
		3255357D2C613F5D00E7B1F3 /* HTTPConfig.swift */ = {isa = PBXFileReference; lastKnownFileType = sourcecode.swift; path = HTTPConfig.swift; sourceTree = "<group>"; };
		325C26152C932A7200D1C2A5 /* Bag.swift */ = {isa = PBXFileReference; lastKnownFileType = sourcecode.swift; path = Bag.swift; sourceTree = "<group>"; };
		325C8F312CB004CA001A7EBF /* OrdersView.swift */ = {isa = PBXFileReference; lastKnownFileType = sourcecode.swift; path = OrdersView.swift; sourceTree = "<group>"; };
		325C8F332CB004D2001A7EBF /* OrdersViewModel.swift */ = {isa = PBXFileReference; lastKnownFileType = sourcecode.swift; path = OrdersViewModel.swift; sourceTree = "<group>"; };
		325EA5DB2CD906DB00AC2053 /* LaunchScreenView.swift */ = {isa = PBXFileReference; lastKnownFileType = sourcecode.swift; path = LaunchScreenView.swift; sourceTree = "<group>"; };
		325EA5DD2CD9125500AC2053 /* CheckoutView.swift */ = {isa = PBXFileReference; lastKnownFileType = sourcecode.swift; path = CheckoutView.swift; sourceTree = "<group>"; };
		325EA5E32CD9129700AC2053 /* CheckoutViewModel.swift */ = {isa = PBXFileReference; lastKnownFileType = sourcecode.swift; path = CheckoutViewModel.swift; sourceTree = "<group>"; };
		326947692C77A523004D56D4 /* ProductsCoordinatorView.swift */ = {isa = PBXFileReference; lastKnownFileType = sourcecode.swift; path = ProductsCoordinatorView.swift; sourceTree = "<group>"; };
		3269476B2C77A534004D56D4 /* FavoritesCoordinatorView.swift */ = {isa = PBXFileReference; lastKnownFileType = sourcecode.swift; path = FavoritesCoordinatorView.swift; sourceTree = "<group>"; };
		3269476D2C77A53E004D56D4 /* BagCoordinatorView.swift */ = {isa = PBXFileReference; lastKnownFileType = sourcecode.swift; path = BagCoordinatorView.swift; sourceTree = "<group>"; };
		3269476F2C77A54B004D56D4 /* ProfileCoordinatorView.swift */ = {isa = PBXFileReference; lastKnownFileType = sourcecode.swift; path = ProfileCoordinatorView.swift; sourceTree = "<group>"; };
		326947742C77CCCF004D56D4 /* Product.swift */ = {isa = PBXFileReference; lastKnownFileType = sourcecode.swift; path = Product.swift; sourceTree = "<group>"; };
		326947762C77CD9A004D56D4 /* CategoryEnum.swift */ = {isa = PBXFileReference; lastKnownFileType = sourcecode.swift; path = CategoryEnum.swift; sourceTree = "<group>"; };
		326947782C77CDF2004D56D4 /* ProductsViewModel.swift */ = {isa = PBXFileReference; lastKnownFileType = sourcecode.swift; path = ProductsViewModel.swift; sourceTree = "<group>"; };
		327656372C677A690048790B /* Color+Ext.swift */ = {isa = PBXFileReference; lastKnownFileType = sourcecode.swift; path = "Color+Ext.swift"; sourceTree = "<group>"; };
		327656392C6788530048790B /* SecureTextField.swift */ = {isa = PBXFileReference; lastKnownFileType = sourcecode.swift; path = SecureTextField.swift; sourceTree = "<group>"; };
		3276563B2C67A94A0048790B /* TextFieldModifier.swift */ = {isa = PBXFileReference; lastKnownFileType = sourcecode.swift; path = TextFieldModifier.swift; sourceTree = "<group>"; };
		327719AF2C74B5C20064B287 /* ProductsView.swift */ = {isa = PBXFileReference; lastKnownFileType = sourcecode.swift; path = ProductsView.swift; sourceTree = "<group>"; };
		327719B12C74B5D30064B287 /* FavoritesView.swift */ = {isa = PBXFileReference; lastKnownFileType = sourcecode.swift; path = FavoritesView.swift; sourceTree = "<group>"; };
		327719B32C74B5E50064B287 /* BagView.swift */ = {isa = PBXFileReference; lastKnownFileType = sourcecode.swift; path = BagView.swift; sourceTree = "<group>"; };
		327719B52C74B5F50064B287 /* ProfileView.swift */ = {isa = PBXFileReference; lastKnownFileType = sourcecode.swift; path = ProfileView.swift; sourceTree = "<group>"; };
		327719BA2C74B6550064B287 /* Tab.swift */ = {isa = PBXFileReference; lastKnownFileType = sourcecode.swift; path = Tab.swift; sourceTree = "<group>"; };
		327719BC2C74B87D0064B287 /* MainTabView.swift */ = {isa = PBXFileReference; lastKnownFileType = sourcecode.swift; path = MainTabView.swift; sourceTree = "<group>"; };
		327719BE2C74BA740064B287 /* MainTabCoordinator.swift */ = {isa = PBXFileReference; lastKnownFileType = sourcecode.swift; path = MainTabCoordinator.swift; sourceTree = "<group>"; };
		327719C42C74BBA00064B287 /* ProductsStack.swift */ = {isa = PBXFileReference; lastKnownFileType = sourcecode.swift; path = ProductsStack.swift; sourceTree = "<group>"; };
		327719C62C74BBB10064B287 /* FavoritesStack.swift */ = {isa = PBXFileReference; lastKnownFileType = sourcecode.swift; path = FavoritesStack.swift; sourceTree = "<group>"; };
		327719C82C74BBBC0064B287 /* BagStack.swift */ = {isa = PBXFileReference; lastKnownFileType = sourcecode.swift; path = BagStack.swift; sourceTree = "<group>"; };
		327719CA2C74BBD10064B287 /* ProfileStack.swift */ = {isa = PBXFileReference; lastKnownFileType = sourcecode.swift; path = ProfileStack.swift; sourceTree = "<group>"; };
		327BD04A2C6F93C500E56935 /* EasyBuy-App-Info.plist */ = {isa = PBXFileReference; lastKnownFileType = text.plist.xml; name = "EasyBuy-App-Info.plist"; path = "EasyBuy_App/Resources/EasyBuy-App-Info.plist"; sourceTree = SOURCE_ROOT; };
		327BD04D2C6F9CD800E56935 /* TopViewController.swift */ = {isa = PBXFileReference; lastKnownFileType = sourcecode.swift; path = TopViewController.swift; sourceTree = "<group>"; };
		32835FB12C809429007B0A71 /* SwipeSlide.swift */ = {isa = PBXFileReference; lastKnownFileType = sourcecode.swift; path = SwipeSlide.swift; sourceTree = "<group>"; };
		32835FB32C80A471007B0A71 /* CategoryProductsView.swift */ = {isa = PBXFileReference; lastKnownFileType = sourcecode.swift; path = CategoryProductsView.swift; sourceTree = "<group>"; };
		32835FB52C80BF0F007B0A71 /* CategoryProductsViewModel.swift */ = {isa = PBXFileReference; lastKnownFileType = sourcecode.swift; path = CategoryProductsViewModel.swift; sourceTree = "<group>"; };
		32873E7C2C921A9D007DD07E /* ProductImageView.swift */ = {isa = PBXFileReference; lastKnownFileType = sourcecode.swift; path = ProductImageView.swift; sourceTree = "<group>"; };
		32873E7E2C921CF7007DD07E /* ProductSummaryView.swift */ = {isa = PBXFileReference; lastKnownFileType = sourcecode.swift; path = ProductSummaryView.swift; sourceTree = "<group>"; };
		32873E802C921DE3007DD07E /* ProductReviewView.swift */ = {isa = PBXFileReference; lastKnownFileType = sourcecode.swift; path = ProductReviewView.swift; sourceTree = "<group>"; };
		3289E6982CB55DA800E60EB3 /* PersonalDataField.swift */ = {isa = PBXFileReference; lastKnownFileType = sourcecode.swift; path = PersonalDataField.swift; sourceTree = "<group>"; };
		3289E69A2CB55F0B00E60EB3 /* EditPersonalDataViewModel.swift */ = {isa = PBXFileReference; lastKnownFileType = sourcecode.swift; path = EditPersonalDataViewModel.swift; sourceTree = "<group>"; };
		3289E69E2CB566C100E60EB3 /* EditPersonalDataView.swift */ = {isa = PBXFileReference; lastKnownFileType = sourcecode.swift; path = EditPersonalDataView.swift; sourceTree = "<group>"; };
		329D86D32C791CA40014B601 /* HandlerError.swift */ = {isa = PBXFileReference; lastKnownFileType = sourcecode.swift; path = HandlerError.swift; sourceTree = "<group>"; };
		329D86D92C791E4A0014B601 /* ShowErrorMessegaModifier.swift */ = {isa = PBXFileReference; lastKnownFileType = sourcecode.swift; path = ShowErrorMessegaModifier.swift; sourceTree = "<group>"; };
		32A260AC2CB456570086BEFA /* PersonalDataView.swift */ = {isa = PBXFileReference; lastKnownFileType = sourcecode.swift; path = PersonalDataView.swift; sourceTree = "<group>"; };
		32A260AE2CB4575E0086BEFA /* PersonalDataViewModel.swift */ = {isa = PBXFileReference; lastKnownFileType = sourcecode.swift; path = PersonalDataViewModel.swift; sourceTree = "<group>"; };
		32A260B02CB46A810086BEFA /* RoundedButtonStyle.swift */ = {isa = PBXFileReference; lastKnownFileType = sourcecode.swift; path = RoundedButtonStyle.swift; sourceTree = "<group>"; };
		32A260B22CB4745A0086BEFA /* EmojiPicker.swift */ = {isa = PBXFileReference; lastKnownFileType = sourcecode.swift; path = EmojiPicker.swift; sourceTree = "<group>"; };
		32A38E712CAC6B3E00F61255 /* BagBottomBarView.swift */ = {isa = PBXFileReference; lastKnownFileType = sourcecode.swift; path = BagBottomBarView.swift; sourceTree = "<group>"; };
		32A38E762CAC76A000F61255 /* Order.swift */ = {isa = PBXFileReference; lastKnownFileType = sourcecode.swift; path = Order.swift; sourceTree = "<group>"; };
		32A38E782CAC76D200F61255 /* StatusOrderEnum.swift */ = {isa = PBXFileReference; lastKnownFileType = sourcecode.swift; path = StatusOrderEnum.swift; sourceTree = "<group>"; };
		32A552F22C942F6F00EB02DD /* FavoritesViewModel.swift */ = {isa = PBXFileReference; lastKnownFileType = sourcecode.swift; path = FavoritesViewModel.swift; sourceTree = "<group>"; };
		32AE6D692C7DF170003B22A7 /* Letters.swift */ = {isa = PBXFileReference; lastKnownFileType = sourcecode.swift; path = Letters.swift; sourceTree = "<group>"; };
		32AE6D6B2C7DF19A003B22A7 /* LettersView.swift */ = {isa = PBXFileReference; lastKnownFileType = sourcecode.swift; path = LettersView.swift; sourceTree = "<group>"; };
		32BCA8172CB41D8B00144257 /* OrderDetailsView.swift */ = {isa = PBXFileReference; lastKnownFileType = sourcecode.swift; path = OrderDetailsView.swift; sourceTree = "<group>"; };
		32BCA8192CB41DB700144257 /* OrderDetailsViewModel.swift */ = {isa = PBXFileReference; lastKnownFileType = sourcecode.swift; path = OrderDetailsViewModel.swift; sourceTree = "<group>"; };
		32C0ED702C6A107F00A9886E /* SignUpLogInViewModel.swift */ = {isa = PBXFileReference; lastKnownFileType = sourcecode.swift; path = SignUpLogInViewModel.swift; sourceTree = "<group>"; };
		32C0ED722C6A5CE900A9886E /* UserSignUp.swift */ = {isa = PBXFileReference; lastKnownFileType = sourcecode.swift; path = UserSignUp.swift; sourceTree = "<group>"; };
		32C0ED742C6A6F6800A9886E /* ModelError.swift */ = {isa = PBXFileReference; lastKnownFileType = sourcecode.swift; path = ModelError.swift; sourceTree = "<group>"; };
		32C0ED772C6A958000A9886E /* KeychainHelper.swift */ = {isa = PBXFileReference; lastKnownFileType = sourcecode.swift; path = KeychainHelper.swift; sourceTree = "<group>"; };
		32C0ED7B2C6A977200A9886E /* TokenModel.swift */ = {isa = PBXFileReference; fileEncoding = 4; lastKnownFileType = sourcecode.swift; path = TokenModel.swift; sourceTree = "<group>"; };
		32C0ED7D2C6A9EFB00A9886E /* AppState.swift */ = {isa = PBXFileReference; lastKnownFileType = sourcecode.swift; path = AppState.swift; sourceTree = "<group>"; };
		32C49C232C8B4B55009AD0BA /* ImageLoader.swift */ = {isa = PBXFileReference; lastKnownFileType = sourcecode.swift; path = ImageLoader.swift; sourceTree = "<group>"; };
		32C49E982C9A134100DC4C57 /* AnyTransition+Ext.swift */ = {isa = PBXFileReference; lastKnownFileType = sourcecode.swift; path = "AnyTransition+Ext.swift"; sourceTree = "<group>"; };
		32C6706E2C73B97500C209E5 /* AppDelegate.swift */ = {isa = PBXFileReference; lastKnownFileType = sourcecode.swift; path = AppDelegate.swift; sourceTree = "<group>"; };
		32C671C82C6638AB00E392D4 /* View+Modifire.swift */ = {isa = PBXFileReference; lastKnownFileType = sourcecode.swift; path = "View+Modifire.swift"; sourceTree = "<group>"; };
		32ED2EE12CB84719003FFB53 /* SecurityView.swift */ = {isa = PBXFileReference; lastKnownFileType = sourcecode.swift; path = SecurityView.swift; sourceTree = "<group>"; };
		32ED2EE52CB84743003FFB53 /* SecurityViewModel.swift */ = {isa = PBXFileReference; lastKnownFileType = sourcecode.swift; path = SecurityViewModel.swift; sourceTree = "<group>"; };
		32EFE3732CADBCEC004A58DF /* User.swift */ = {isa = PBXFileReference; lastKnownFileType = sourcecode.swift; path = User.swift; sourceTree = "<group>"; };
		32EFE3752CADBDC9004A58DF /* ProfileViewModel.swift */ = {isa = PBXFileReference; lastKnownFileType = sourcecode.swift; path = ProfileViewModel.swift; sourceTree = "<group>"; };
		32FACDE12C8355FA007769DE /* StrokeModifier.swift */ = {isa = PBXFileReference; lastKnownFileType = sourcecode.swift; path = StrokeModifier.swift; sourceTree = "<group>"; };
/* End PBXFileReference section */

/* Begin PBXFrameworksBuildPhase section */
		325535632C612F0700E7B1F3 /* Frameworks */ = {
			isa = PBXFrameworksBuildPhase;
			buildActionMask = 2147483647;
			files = (
				320F67BA2C8A564B005D6593 /* GoogleSignIn in Frameworks */,
				320F67BC2C8A564B005D6593 /* GoogleSignInSwift in Frameworks */,
			);
			runOnlyForDeploymentPostprocessing = 0;
		};
/* End PBXFrameworksBuildPhase section */

/* Begin PBXGroup section */
		3202B54A2C622BA50047A333 /* SignUpLogIn */ = {
			isa = PBXGroup;
			children = (
				3202B54B2C623AAE0047A333 /* Models */,
				3202B54C2C623AB50047A333 /* Views */,
				3202B54D2C623ACA0047A333 /* ViewModels */,
				323CDDA22C63D685009B5182 /* Coordinator */,
			);
			path = SignUpLogIn;
			sourceTree = "<group>";
		};
		3202B54B2C623AAE0047A333 /* Models */ = {
			isa = PBXGroup;
			children = (
				323CDD9B2C63D1FF009B5182 /* SignUpLogInStack.swift */,
				32C0ED722C6A5CE900A9886E /* UserSignUp.swift */,
				32C0ED742C6A6F6800A9886E /* ModelError.swift */,
				32C0ED7B2C6A977200A9886E /* TokenModel.swift */,
			);
			path = Models;
			sourceTree = "<group>";
		};
		3202B54C2C623AB50047A333 /* Views */ = {
			isa = PBXGroup;
			children = (
				323CDDA72C63D7DF009B5182 /* SignUpLogInCoordinatorView.swift */,
				3202B5512C623E600047A333 /* AuthenticationView.swift */,
				323CDD972C63C110009B5182 /* SignUpLogInView.swift */,
				327656392C6788530048790B /* SecureTextField.swift */,
			);
			path = Views;
			sourceTree = "<group>";
		};
		3202B54D2C623ACA0047A333 /* ViewModels */ = {
			isa = PBXGroup;
			children = (
				32C0ED702C6A107F00A9886E /* SignUpLogInViewModel.swift */,
			);
			path = ViewModels;
			sourceTree = "<group>";
		};
		3202B54E2C623AFB0047A333 /* App Lifecycle */ = {
			isa = PBXGroup;
			children = (
				325535692C612F0700E7B1F3 /* EasyBuy_App.swift */,
				32C0ED7D2C6A9EFB00A9886E /* AppState.swift */,
				32C6706E2C73B97500C209E5 /* AppDelegate.swift */,
				325EA5DB2CD906DB00AC2053 /* LaunchScreenView.swift */,
			);
			path = "App Lifecycle";
			sourceTree = "<group>";
		};
		3202B54F2C623B240047A333 /* Resources */ = {
			isa = PBXGroup;
			children = (
				327BD04A2C6F93C500E56935 /* EasyBuy-App-Info.plist */,
				3255356D2C612F0900E7B1F3 /* Assets.xcassets */,
				3255356F2C612F0900E7B1F3 /* Preview Content */,
				3202B5532C62AC5A0047A333 /* Localizable.strings */,
			);
			path = Resources;
			sourceTree = "<group>";
		};
		320B91792C874F4200C21EA6 /* Models */ = {
			isa = PBXGroup;
			children = (
				320B917C2C874F8300C21EA6 /* Favorite.swift */,
			);
			path = Models;
			sourceTree = "<group>";
		};
		320B917A2C874F4B00C21EA6 /* Views */ = {
			isa = PBXGroup;
			children = (
				3269476B2C77A534004D56D4 /* FavoritesCoordinatorView.swift */,
				327719B12C74B5D30064B287 /* FavoritesView.swift */,
				324ADFC22C9B5BFC007C9088 /* FavoriteItem.swift */,
			);
			path = Views;
			sourceTree = "<group>";
		};
		320B917B2C874F5400C21EA6 /* ViewModels */ = {
			isa = PBXGroup;
			children = (
				32A552F22C942F6F00EB02DD /* FavoritesViewModel.swift */,
			);
			path = ViewModels;
			sourceTree = "<group>";
		};
		3221A1F02C9DA22400274CEC /* Views */ = {
			isa = PBXGroup;
			children = (
				3269476D2C77A53E004D56D4 /* BagCoordinatorView.swift */,
				327719B32C74B5E50064B287 /* BagView.swift */,
				3221A1F42C9DA9A600274CEC /* BagItem.swift */,
				32A38E712CAC6B3E00F61255 /* BagBottomBarView.swift */,
				325EA5DD2CD9125500AC2053 /* CheckoutView.swift */,
			);
			path = Views;
			sourceTree = "<group>";
		};
		3221A1F12C9DA23700274CEC /* VewModels */ = {
			isa = PBXGroup;
			children = (
				3221A1F22C9DA6F800274CEC /* BagViewModel.swift */,
				325EA5E32CD9129700AC2053 /* CheckoutViewModel.swift */,
			);
			path = VewModels;
			sourceTree = "<group>";
		};
		323A1A7F2C6CB4EA0098A4DA /* Networking */ = {
			isa = PBXGroup;
			children = (
				323A1A802C6CB50C0098A4DA /* NetworkMonitor */,
				3255357C2C613F2F00E7B1F3 /* HttpCient */,
			);
			path = Networking;
			sourceTree = "<group>";
		};
		323A1A802C6CB50C0098A4DA /* NetworkMonitor */ = {
			isa = PBXGroup;
			children = (
				323A1A812C6CB5160098A4DA /* NetworkMonitor.swift */,
			);
			path = NetworkMonitor;
			sourceTree = "<group>";
		};
		323CDD9D2C63D295009B5182 /* Extensions */ = {
			isa = PBXGroup;
			children = (
				3249EAC52C64FD87004C478F /* View+Ext.swift */,
				32C671C82C6638AB00E392D4 /* View+Modifire.swift */,
				32C49E982C9A134100DC4C57 /* AnyTransition+Ext.swift */,
				327656372C677A690048790B /* Color+Ext.swift */,
			);
			path = Extensions;
			sourceTree = "<group>";
		};
		323CDDA22C63D685009B5182 /* Coordinator */ = {
			isa = PBXGroup;
			children = (
				323CDDA32C63D720009B5182 /* SignUpLogInCoordinator.swift */,
			);
			path = Coordinator;
			sourceTree = "<group>";
		};
		324A88A12CB69D8B004574E3 /* ViewModel */ = {
			isa = PBXGroup;
			children = (
				324A88A22CB69DA5004574E3 /* BaseViewModel.swift */,
			);
			path = ViewModel;
			sourceTree = "<group>";
		};
		3255355D2C612F0700E7B1F3 = {
			isa = PBXGroup;
			children = (
				325535682C612F0700E7B1F3 /* EasyBuy_App */,
				325535672C612F0700E7B1F3 /* Products */,
			);
			sourceTree = "<group>";
		};
		325535672C612F0700E7B1F3 /* Products */ = {
			isa = PBXGroup;
			children = (
				325535662C612F0700E7B1F3 /* EasyBuy_App.app */,
			);
			name = Products;
			sourceTree = "<group>";
		};
		325535682C612F0700E7B1F3 /* EasyBuy_App */ = {
			isa = PBXGroup;
			children = (
				3202B54E2C623AFB0047A333 /* App Lifecycle */,
				3202B54A2C622BA50047A333 /* SignUpLogIn */,
				327719AA2C74B1540064B287 /* MainTab */,
				327719AB2C74B5510064B287 /* Products */,
				327719AE2C74B56A0064B287 /* Favorites */,
				327719AC2C74B55B0064B287 /* Bag */,
				327719AD2C74B5620064B287 /* Profile */,
				32A552F42C94300100EB02DD /* CustomsView */,
				329D86D22C791C090014B601 /* Error */,
				325535772C6134F900E7B1F3 /* Utitlities */,
				3202B54F2C623B240047A333 /* Resources */,
			);
			path = EasyBuy_App;
			sourceTree = "<group>";
		};
		3255356F2C612F0900E7B1F3 /* Preview Content */ = {
			isa = PBXGroup;
			children = (
				325535702C612F0900E7B1F3 /* Preview Assets.xcassets */,
			);
			path = "Preview Content";
			sourceTree = "<group>";
		};
		325535772C6134F900E7B1F3 /* Utitlities */ = {
			isa = PBXGroup;
			children = (
				327BD04C2C6F9CB900E56935 /* FindTopViewController */,
				32C671CA2C66394700E392D4 /* Modifier */,
				323CDD9D2C63D295009B5182 /* Extensions */,
				32C671C52C6637AE00E392D4 /* Coordinator */,
				324A88A12CB69D8B004574E3 /* ViewModel */,
				323A1A7F2C6CB4EA0098A4DA /* Networking */,
				32C0ED762C6A94D400A9886E /* Keychain */,
			);
			path = Utitlities;
			sourceTree = "<group>";
		};
		3255357C2C613F2F00E7B1F3 /* HttpCient */ = {
			isa = PBXGroup;
			children = (
				3255357A2C61353700E7B1F3 /* APIConfig.swift */,
				3255357D2C613F5D00E7B1F3 /* HTTPConfig.swift */,
				325535782C61351000E7B1F3 /* HttpClient.swift */,
			);
			path = HttpCient;
			sourceTree = "<group>";
		};
		325C26142C932A5A00D1C2A5 /* Models */ = {
			isa = PBXGroup;
			children = (
				325C26152C932A7200D1C2A5 /* Bag.swift */,
			);
			path = Models;
			sourceTree = "<group>";
		};
		326947712C77CBB7004D56D4 /* Models */ = {
			isa = PBXGroup;
			children = (
				326947742C77CCCF004D56D4 /* Product.swift */,
				326947762C77CD9A004D56D4 /* CategoryEnum.swift */,
				32362D5B2C8CC720001C1A70 /* Review.swift */,
			);
			path = Models;
			sourceTree = "<group>";
		};
		326947722C77CBBF004D56D4 /* Views */ = {
			isa = PBXGroup;
			children = (
				32D349D52C88D6BC00EC779A /* Coordinator */,
				32D349D02C88A03900EC779A /* MainProducts */,
				32D349D12C88A07F00EC779A /* CategoryProducts */,
				32D349D22C88A0A200EC779A /* Product */,
			);
			path = Views;
			sourceTree = "<group>";
		};
		326947732C77CBC7004D56D4 /* ViewModels */ = {
			isa = PBXGroup;
			children = (
				326947782C77CDF2004D56D4 /* ProductsViewModel.swift */,
				32835FB52C80BF0F007B0A71 /* CategoryProductsViewModel.swift */,
				320B91772C8718EF00C21EA6 /* ProductViewModel.swift */,
			);
			path = ViewModels;
			sourceTree = "<group>";
		};
		327719AA2C74B1540064B287 /* MainTab */ = {
			isa = PBXGroup;
			children = (
				327719B82C74B60C0064B287 /* Models */,
				327719B72C74B5FF0064B287 /* Views */,
				327719B92C74B6130064B287 /* Coordinator */,
			);
			path = MainTab;
			sourceTree = "<group>";
		};
		327719AB2C74B5510064B287 /* Products */ = {
			isa = PBXGroup;
			children = (
				326947712C77CBB7004D56D4 /* Models */,
				326947722C77CBBF004D56D4 /* Views */,
				326947732C77CBC7004D56D4 /* ViewModels */,
			);
			path = Products;
			sourceTree = "<group>";
		};
		327719AC2C74B55B0064B287 /* Bag */ = {
			isa = PBXGroup;
			children = (
				325C26142C932A5A00D1C2A5 /* Models */,
				3221A1F02C9DA22400274CEC /* Views */,
				3221A1F12C9DA23700274CEC /* VewModels */,
			);
			path = Bag;
			sourceTree = "<group>";
		};
		327719AD2C74B5620064B287 /* Profile */ = {
			isa = PBXGroup;
			children = (
				32A38E732CAC766A00F61255 /* Models */,
				32A38E742CAC767100F61255 /* Views */,
				32A38E752CAC767900F61255 /* ViewModels */,
			);
			path = Profile;
			sourceTree = "<group>";
		};
		327719AE2C74B56A0064B287 /* Favorites */ = {
			isa = PBXGroup;
			children = (
				320B91792C874F4200C21EA6 /* Models */,
				320B917A2C874F4B00C21EA6 /* Views */,
				320B917B2C874F5400C21EA6 /* ViewModels */,
			);
			path = Favorites;
			sourceTree = "<group>";
		};
		327719B72C74B5FF0064B287 /* Views */ = {
			isa = PBXGroup;
			children = (
				327719BC2C74B87D0064B287 /* MainTabView.swift */,
			);
			path = Views;
			sourceTree = "<group>";
		};
		327719B82C74B60C0064B287 /* Models */ = {
			isa = PBXGroup;
			children = (
				327719BA2C74B6550064B287 /* Tab.swift */,
				327719C32C74BB610064B287 /* NStack */,
			);
			path = Models;
			sourceTree = "<group>";
		};
		327719B92C74B6130064B287 /* Coordinator */ = {
			isa = PBXGroup;
			children = (
				327719BE2C74BA740064B287 /* MainTabCoordinator.swift */,
			);
			path = Coordinator;
			sourceTree = "<group>";
		};
		327719C32C74BB610064B287 /* NStack */ = {
			isa = PBXGroup;
			children = (
				327719C42C74BBA00064B287 /* ProductsStack.swift */,
				327719C62C74BBB10064B287 /* FavoritesStack.swift */,
				327719C82C74BBBC0064B287 /* BagStack.swift */,
				327719CA2C74BBD10064B287 /* ProfileStack.swift */,
			);
			path = NStack;
			sourceTree = "<group>";
		};
		327BD04C2C6F9CB900E56935 /* FindTopViewController */ = {
			isa = PBXGroup;
			children = (
				327BD04D2C6F9CD800E56935 /* TopViewController.swift */,
			);
			path = FindTopViewController;
			sourceTree = "<group>";
		};
		329D86D22C791C090014B601 /* Error */ = {
			isa = PBXGroup;
			children = (
				329D86D32C791CA40014B601 /* HandlerError.swift */,
			);
			path = Error;
			sourceTree = "<group>";
		};
		32A38E732CAC766A00F61255 /* Models */ = {
			isa = PBXGroup;
			children = (
				32EFE3732CADBCEC004A58DF /* User.swift */,
				32A38E762CAC76A000F61255 /* Order.swift */,
				32A38E782CAC76D200F61255 /* StatusOrderEnum.swift */,
				3289E6982CB55DA800E60EB3 /* PersonalDataField.swift */,
			);
			path = Models;
			sourceTree = "<group>";
		};
		32A38E742CAC767100F61255 /* Views */ = {
			isa = PBXGroup;
			children = (
				3269476F2C77A54B004D56D4 /* ProfileCoordinatorView.swift */,
				327719B52C74B5F50064B287 /* ProfileView.swift */,
				325C8F312CB004CA001A7EBF /* OrdersView.swift */,
				32BCA8172CB41D8B00144257 /* OrderDetailsView.swift */,
				32A260AC2CB456570086BEFA /* PersonalDataView.swift */,
				3289E69E2CB566C100E60EB3 /* EditPersonalDataView.swift */,
				324A88A82CB6CA61004574E3 /* SettingsView.swift */,
				32ED2EE12CB84719003FFB53 /* SecurityView.swift */,
				3223E1B62CBD4B550083F3DE /* PrivacyPolicyView.swift */,
				3223E1B82CBD4B740083F3DE /* TermsAndConditionsView.swift */,
				3223E1BA2CBD4B900083F3DE /* HelpAndSupportView.swift */,
			);
			path = Views;
			sourceTree = "<group>";
		};
		32A38E752CAC767900F61255 /* ViewModels */ = {
			isa = PBXGroup;
			children = (
				32EFE3752CADBDC9004A58DF /* ProfileViewModel.swift */,
				325C8F332CB004D2001A7EBF /* OrdersViewModel.swift */,
				32BCA8192CB41DB700144257 /* OrderDetailsViewModel.swift */,
				32A260AE2CB4575E0086BEFA /* PersonalDataViewModel.swift */,
				3289E69A2CB55F0B00E60EB3 /* EditPersonalDataViewModel.swift */,
				32ED2EE52CB84743003FFB53 /* SecurityViewModel.swift */,
			);
			path = ViewModels;
			sourceTree = "<group>";
		};
		32A552F42C94300100EB02DD /* CustomsView */ = {
			isa = PBXGroup;
			children = (
				32835FB12C809429007B0A71 /* SwipeSlide.swift */,
				32C49C232C8B4B55009AD0BA /* ImageLoader.swift */,
				32A260B22CB4745A0086BEFA /* EmojiPicker.swift */,
			);
			path = CustomsView;
			sourceTree = "<group>";
		};
		32AE6D682C7DF123003B22A7 /* ShowProgressView */ = {
			isa = PBXGroup;
			children = (
				324CCBB32C7A241C00EC849E /* ShowProgressViewModifier.swift */,
				32AE6D6B2C7DF19A003B22A7 /* LettersView.swift */,
				32AE6D692C7DF170003B22A7 /* Letters.swift */,
			);
			path = ShowProgressView;
			sourceTree = "<group>";
		};
		32C0ED762C6A94D400A9886E /* Keychain */ = {
			isa = PBXGroup;
			children = (
				32C0ED772C6A958000A9886E /* KeychainHelper.swift */,
			);
			path = Keychain;
			sourceTree = "<group>";
		};
		32C671C52C6637AE00E392D4 /* Coordinator */ = {
			isa = PBXGroup;
			children = (
				323CDDA02C63D4BF009B5182 /* NStack.swift */,
			);
			path = Coordinator;
			sourceTree = "<group>";
		};
		32C671CA2C66394700E392D4 /* Modifier */ = {
			isa = PBXGroup;
			children = (
				3276563B2C67A94A0048790B /* TextFieldModifier.swift */,
				329D86D92C791E4A0014B601 /* ShowErrorMessegaModifier.swift */,
				32AE6D682C7DF123003B22A7 /* ShowProgressView */,
				32FACDE12C8355FA007769DE /* StrokeModifier.swift */,
				32377D982CAF202B0052F56D /* CapsuleButtonStyle.swift */,
				32A260B02CB46A810086BEFA /* RoundedButtonStyle.swift */,
			);
			path = Modifier;
			sourceTree = "<group>";
		};
		32D349D02C88A03900EC779A /* MainProducts */ = {
			isa = PBXGroup;
			children = (
				327719AF2C74B5C20064B287 /* ProductsView.swift */,
				321296602C80F71E00BB57A7 /* PageItemView.swift */,
			);
			path = MainProducts;
			sourceTree = "<group>";
		};
		32D349D12C88A07F00EC779A /* CategoryProducts */ = {
			isa = PBXGroup;
			children = (
				32835FB32C80A471007B0A71 /* CategoryProductsView.swift */,
				321296622C810BDF00BB57A7 /* ProductGridView.swift */,
			);
			path = CategoryProducts;
			sourceTree = "<group>";
		};
		32D349D22C88A0A200EC779A /* Product */ = {
			isa = PBXGroup;
			children = (
				320B91752C8718A700C21EA6 /* ProductView.swift */,
				32873E7C2C921A9D007DD07E /* ProductImageView.swift */,
				32873E7E2C921CF7007DD07E /* ProductSummaryView.swift */,
				32873E802C921DE3007DD07E /* ProductReviewView.swift */,
			);
			path = Product;
			sourceTree = "<group>";
		};
		32D349D52C88D6BC00EC779A /* Coordinator */ = {
			isa = PBXGroup;
			children = (
				326947692C77A523004D56D4 /* ProductsCoordinatorView.swift */,
			);
			path = Coordinator;
			sourceTree = "<group>";
		};
/* End PBXGroup section */

/* Begin PBXNativeTarget section */
		325535652C612F0700E7B1F3 /* EasyBuy_App */ = {
			isa = PBXNativeTarget;
			buildConfigurationList = 325535742C612F0900E7B1F3 /* Build configuration list for PBXNativeTarget "EasyBuy_App" */;
			buildPhases = (
				325535622C612F0700E7B1F3 /* Sources */,
				325535632C612F0700E7B1F3 /* Frameworks */,
				325535642C612F0700E7B1F3 /* Resources */,
			);
			buildRules = (
			);
			dependencies = (
			);
			name = EasyBuy_App;
			packageProductDependencies = (
				320F67B92C8A564B005D6593 /* GoogleSignIn */,
				320F67BB2C8A564B005D6593 /* GoogleSignInSwift */,
			);
			productName = EasyBuy_App;
			productReference = 325535662C612F0700E7B1F3 /* EasyBuy_App.app */;
			productType = "com.apple.product-type.application";
		};
/* End PBXNativeTarget section */

/* Begin PBXProject section */
		3255355E2C612F0700E7B1F3 /* Project object */ = {
			isa = PBXProject;
			attributes = {
				BuildIndependentTargetsInParallel = 1;
				LastSwiftUpdateCheck = 1540;
				LastUpgradeCheck = 1540;
				TargetAttributes = {
					325535652C612F0700E7B1F3 = {
						CreatedOnToolsVersion = 15.4;
					};
				};
			};
			buildConfigurationList = 325535612C612F0700E7B1F3 /* Build configuration list for PBXProject "EasyBuy_App" */;
			compatibilityVersion = "Xcode 14.0";
			developmentRegion = en;
			hasScannedForEncodings = 0;
			knownRegions = (
				en,
				Base,
				uk,
			);
			mainGroup = 3255355D2C612F0700E7B1F3;
			packageReferences = (
				320F67B82C8A564B005D6593 /* XCRemoteSwiftPackageReference "GoogleSignIn-iOS" */,
			);
			productRefGroup = 325535672C612F0700E7B1F3 /* Products */;
			projectDirPath = "";
			projectRoot = "";
			targets = (
				325535652C612F0700E7B1F3 /* EasyBuy_App */,
			);
		};
/* End PBXProject section */

/* Begin PBXResourcesBuildPhase section */
		325535642C612F0700E7B1F3 /* Resources */ = {
			isa = PBXResourcesBuildPhase;
			buildActionMask = 2147483647;
			files = (
				325535712C612F0900E7B1F3 /* Preview Assets.xcassets in Resources */,
				3202B5552C62AC5A0047A333 /* Localizable.strings in Resources */,
				3255356E2C612F0900E7B1F3 /* Assets.xcassets in Resources */,
			);
			runOnlyForDeploymentPostprocessing = 0;
		};
/* End PBXResourcesBuildPhase section */

/* Begin PBXSourcesBuildPhase section */
		325535622C612F0700E7B1F3 /* Sources */ = {
			isa = PBXSourcesBuildPhase;
			buildActionMask = 2147483647;
			files = (
				32873E7D2C921A9D007DD07E /* ProductImageView.swift in Sources */,
				32FACDE22C8355FA007769DE /* StrokeModifier.swift in Sources */,
				320B917D2C874F8300C21EA6 /* Favorite.swift in Sources */,
				32A38E792CAC76D200F61255 /* StatusOrderEnum.swift in Sources */,
				325C8F342CB004D2001A7EBF /* OrdersViewModel.swift in Sources */,
				327719C52C74BBA00064B287 /* ProductsStack.swift in Sources */,
				32C0ED712C6A107F00A9886E /* SignUpLogInViewModel.swift in Sources */,
				325EA5DC2CD906DB00AC2053 /* LaunchScreenView.swift in Sources */,
				326947752C77CCCF004D56D4 /* Product.swift in Sources */,
				3269476C2C77A534004D56D4 /* FavoritesCoordinatorView.swift in Sources */,
				327719C72C74BBB10064B287 /* FavoritesStack.swift in Sources */,
				32BCA8182CB41D8C00144257 /* OrderDetailsView.swift in Sources */,
				326947772C77CD9A004D56D4 /* CategoryEnum.swift in Sources */,
				3276563C2C67A94A0048790B /* TextFieldModifier.swift in Sources */,
				32377D992CAF202B0052F56D /* CapsuleButtonStyle.swift in Sources */,
				32C0ED7E2C6A9EFB00A9886E /* AppState.swift in Sources */,
				324CCBB42C7A241C00EC849E /* ShowProgressViewModifier.swift in Sources */,
				3289E69F2CB566C100E60EB3 /* EditPersonalDataView.swift in Sources */,
				32C0ED782C6A958000A9886E /* KeychainHelper.swift in Sources */,
				32A260B12CB46A810086BEFA /* RoundedButtonStyle.swift in Sources */,
				3249EAC62C64FD87004C478F /* View+Ext.swift in Sources */,
				325C26162C932A7200D1C2A5 /* Bag.swift in Sources */,
				32835FB62C80BF0F007B0A71 /* CategoryProductsViewModel.swift in Sources */,
				327719B02C74B5C20064B287 /* ProductsView.swift in Sources */,
				32835FB42C80A471007B0A71 /* CategoryProductsView.swift in Sources */,
				32873E812C921DE3007DD07E /* ProductReviewView.swift in Sources */,
				323CDD982C63C110009B5182 /* SignUpLogInView.swift in Sources */,
				329D86DA2C791E4A0014B601 /* ShowErrorMessegaModifier.swift in Sources */,
				3221A1F32C9DA6F800274CEC /* BagViewModel.swift in Sources */,
				324ADFC32C9B5BFC007C9088 /* FavoriteItem.swift in Sources */,
				326947792C77CDF2004D56D4 /* ProductsViewModel.swift in Sources */,
				321296632C810BDF00BB57A7 /* ProductGridView.swift in Sources */,
				325EA5DE2CD9125500AC2053 /* CheckoutView.swift in Sources */,
				32873E7F2C921CF7007DD07E /* ProductSummaryView.swift in Sources */,
				323CDDA12C63D4C0009B5182 /* NStack.swift in Sources */,
				32362D5C2C8CC720001C1A70 /* Review.swift in Sources */,
				327719BD2C74B87D0064B287 /* MainTabView.swift in Sources */,
				32835FB22C80942A007B0A71 /* SwipeSlide.swift in Sources */,
				324A88A32CB69DA5004574E3 /* BaseViewModel.swift in Sources */,
				320B91782C8718EF00C21EA6 /* ProductViewModel.swift in Sources */,
				323CDDA42C63D720009B5182 /* SignUpLogInCoordinator.swift in Sources */,
				32C49C242C8B4B55009AD0BA /* ImageLoader.swift in Sources */,
				329D86D42C791CA40014B601 /* HandlerError.swift in Sources */,
				32A260AD2CB456570086BEFA /* PersonalDataView.swift in Sources */,
				32EFE3742CADBCEC004A58DF /* User.swift in Sources */,
				321296612C80F71E00BB57A7 /* PageItemView.swift in Sources */,
				32C49E992C9A134100DC4C57 /* AnyTransition+Ext.swift in Sources */,
				325535792C61351000E7B1F3 /* HttpClient.swift in Sources */,
				325EA5E42CD9129700AC2053 /* CheckoutViewModel.swift in Sources */,
				3269476A2C77A523004D56D4 /* ProductsCoordinatorView.swift in Sources */,
				327719C92C74BBBC0064B287 /* BagStack.swift in Sources */,
				3221A1F52C9DA9A600274CEC /* BagItem.swift in Sources */,
				327719CB2C74BBD10064B287 /* ProfileStack.swift in Sources */,
				323A1A822C6CB5160098A4DA /* NetworkMonitor.swift in Sources */,
				327719BF2C74BA740064B287 /* MainTabCoordinator.swift in Sources */,
				32AE6D6A2C7DF170003B22A7 /* Letters.swift in Sources */,
				325C8F322CB004CA001A7EBF /* OrdersView.swift in Sources */,
				3255357E2C613F5D00E7B1F3 /* HTTPConfig.swift in Sources */,
				327719B22C74B5D30064B287 /* FavoritesView.swift in Sources */,
				32A260AF2CB4575E0086BEFA /* PersonalDataViewModel.swift in Sources */,
				3276563A2C6788530048790B /* SecureTextField.swift in Sources */,
				32C6706F2C73B97500C209E5 /* AppDelegate.swift in Sources */,
				3255356A2C612F0700E7B1F3 /* EasyBuy_App.swift in Sources */,
				320B91762C8718A700C21EA6 /* ProductView.swift in Sources */,
				32C0ED752C6A6F6800A9886E /* ModelError.swift in Sources */,
				32ED2EE62CB84743003FFB53 /* SecurityViewModel.swift in Sources */,
				3202B5522C623E600047A333 /* AuthenticationView.swift in Sources */,
				32AE6D6C2C7DF19A003B22A7 /* LettersView.swift in Sources */,
				323CDD9C2C63D1FF009B5182 /* SignUpLogInStack.swift in Sources */,
				3255357B2C61353700E7B1F3 /* APIConfig.swift in Sources */,
				324A88A92CB6CA61004574E3 /* SettingsView.swift in Sources */,
				327719B62C74B5F50064B287 /* ProfileView.swift in Sources */,
				32ED2EE22CB84719003FFB53 /* SecurityView.swift in Sources */,
				32A38E722CAC6B3F00F61255 /* BagBottomBarView.swift in Sources */,
				327719BB2C74B6550064B287 /* Tab.swift in Sources */,
				326947702C77A54B004D56D4 /* ProfileCoordinatorView.swift in Sources */,
				3289E69B2CB55F0B00E60EB3 /* EditPersonalDataViewModel.swift in Sources */,
				3223E1B92CBD4B740083F3DE /* TermsAndConditionsView.swift in Sources */,
				3223E1B72CBD4B550083F3DE /* PrivacyPolicyView.swift in Sources */,
				32EFE3762CADBDC9004A58DF /* ProfileViewModel.swift in Sources */,
				32C0ED732C6A5CE900A9886E /* UserSignUp.swift in Sources */,
				323CDDA82C63D7DF009B5182 /* SignUpLogInCoordinatorView.swift in Sources */,
				327BD04E2C6F9CD800E56935 /* TopViewController.swift in Sources */,
				32A552F32C942F6F00EB02DD /* FavoritesViewModel.swift in Sources */,
				3289E6992CB55DA800E60EB3 /* PersonalDataField.swift in Sources */,
				327719B42C74B5E50064B287 /* BagView.swift in Sources */,
				32BCA81A2CB41DB700144257 /* OrderDetailsViewModel.swift in Sources */,
				3269476E2C77A53E004D56D4 /* BagCoordinatorView.swift in Sources */,
				32A260B32CB4745A0086BEFA /* EmojiPicker.swift in Sources */,
				3223E1BB2CBD4B900083F3DE /* HelpAndSupportView.swift in Sources */,
				327656382C677A690048790B /* Color+Ext.swift in Sources */,
				32A38E772CAC76A000F61255 /* Order.swift in Sources */,
				32C671C92C6638AB00E392D4 /* View+Modifire.swift in Sources */,
				32C0ED7C2C6A977200A9886E /* TokenModel.swift in Sources */,
			);
			runOnlyForDeploymentPostprocessing = 0;
		};
/* End PBXSourcesBuildPhase section */

/* Begin PBXVariantGroup section */
		3202B5532C62AC5A0047A333 /* Localizable.strings */ = {
			isa = PBXVariantGroup;
			children = (
				3202B5542C62AC5A0047A333 /* en */,
				3202B5572C62AC7F0047A333 /* uk */,
			);
			name = Localizable.strings;
			sourceTree = "<group>";
		};
/* End PBXVariantGroup section */

/* Begin XCBuildConfiguration section */
		325535722C612F0900E7B1F3 /* Debug */ = {
			isa = XCBuildConfiguration;
			buildSettings = {
				ALWAYS_SEARCH_USER_PATHS = NO;
				ASSETCATALOG_COMPILER_GENERATE_SWIFT_ASSET_SYMBOL_EXTENSIONS = YES;
				CLANG_ANALYZER_LOCALIZABILITY_NONLOCALIZED = YES;
				CLANG_ANALYZER_NONNULL = YES;
				CLANG_ANALYZER_NUMBER_OBJECT_CONVERSION = YES_AGGRESSIVE;
				CLANG_CXX_LANGUAGE_STANDARD = "gnu++20";
				CLANG_ENABLE_MODULES = YES;
				CLANG_ENABLE_OBJC_ARC = YES;
				CLANG_ENABLE_OBJC_WEAK = YES;
				CLANG_WARN_BLOCK_CAPTURE_AUTORELEASING = YES;
				CLANG_WARN_BOOL_CONVERSION = YES;
				CLANG_WARN_COMMA = YES;
				CLANG_WARN_CONSTANT_CONVERSION = YES;
				CLANG_WARN_DEPRECATED_OBJC_IMPLEMENTATIONS = YES;
				CLANG_WARN_DIRECT_OBJC_ISA_USAGE = YES_ERROR;
				CLANG_WARN_DOCUMENTATION_COMMENTS = YES;
				CLANG_WARN_EMPTY_BODY = YES;
				CLANG_WARN_ENUM_CONVERSION = YES;
				CLANG_WARN_INFINITE_RECURSION = YES;
				CLANG_WARN_INT_CONVERSION = YES;
				CLANG_WARN_NON_LITERAL_NULL_CONVERSION = YES;
				CLANG_WARN_OBJC_IMPLICIT_RETAIN_SELF = YES;
				CLANG_WARN_OBJC_LITERAL_CONVERSION = YES;
				CLANG_WARN_OBJC_ROOT_CLASS = YES_ERROR;
				CLANG_WARN_QUOTED_INCLUDE_IN_FRAMEWORK_HEADER = YES;
				CLANG_WARN_RANGE_LOOP_ANALYSIS = YES;
				CLANG_WARN_STRICT_PROTOTYPES = YES;
				CLANG_WARN_SUSPICIOUS_MOVE = YES;
				CLANG_WARN_UNGUARDED_AVAILABILITY = YES_AGGRESSIVE;
				CLANG_WARN_UNREACHABLE_CODE = YES;
				CLANG_WARN__DUPLICATE_METHOD_MATCH = YES;
				COPY_PHASE_STRIP = NO;
				DEBUG_INFORMATION_FORMAT = dwarf;
				ENABLE_STRICT_OBJC_MSGSEND = YES;
				ENABLE_TESTABILITY = YES;
				ENABLE_USER_SCRIPT_SANDBOXING = YES;
				GCC_C_LANGUAGE_STANDARD = gnu17;
				GCC_DYNAMIC_NO_PIC = NO;
				GCC_NO_COMMON_BLOCKS = YES;
				GCC_OPTIMIZATION_LEVEL = 0;
				GCC_PREPROCESSOR_DEFINITIONS = (
					"DEBUG=1",
					"$(inherited)",
				);
				GCC_WARN_64_TO_32_BIT_CONVERSION = YES;
				GCC_WARN_ABOUT_RETURN_TYPE = YES_ERROR;
				GCC_WARN_UNDECLARED_SELECTOR = YES;
				GCC_WARN_UNINITIALIZED_AUTOS = YES_AGGRESSIVE;
				GCC_WARN_UNUSED_FUNCTION = YES;
				GCC_WARN_UNUSED_VARIABLE = YES;
				IPHONEOS_DEPLOYMENT_TARGET = 15.0;
				LOCALIZATION_PREFERS_STRING_CATALOGS = YES;
				MTL_ENABLE_DEBUG_INFO = INCLUDE_SOURCE;
				MTL_FAST_MATH = YES;
				ONLY_ACTIVE_ARCH = YES;
				SDKROOT = iphoneos;
				SWIFT_ACTIVE_COMPILATION_CONDITIONS = "DEBUG $(inherited)";
				SWIFT_OPTIMIZATION_LEVEL = "-Onone";
			};
			name = Debug;
		};
		325535732C612F0900E7B1F3 /* Release */ = {
			isa = XCBuildConfiguration;
			buildSettings = {
				ALWAYS_SEARCH_USER_PATHS = NO;
				ASSETCATALOG_COMPILER_GENERATE_SWIFT_ASSET_SYMBOL_EXTENSIONS = YES;
				CLANG_ANALYZER_LOCALIZABILITY_NONLOCALIZED = YES;
				CLANG_ANALYZER_NONNULL = YES;
				CLANG_ANALYZER_NUMBER_OBJECT_CONVERSION = YES_AGGRESSIVE;
				CLANG_CXX_LANGUAGE_STANDARD = "gnu++20";
				CLANG_ENABLE_MODULES = YES;
				CLANG_ENABLE_OBJC_ARC = YES;
				CLANG_ENABLE_OBJC_WEAK = YES;
				CLANG_WARN_BLOCK_CAPTURE_AUTORELEASING = YES;
				CLANG_WARN_BOOL_CONVERSION = YES;
				CLANG_WARN_COMMA = YES;
				CLANG_WARN_CONSTANT_CONVERSION = YES;
				CLANG_WARN_DEPRECATED_OBJC_IMPLEMENTATIONS = YES;
				CLANG_WARN_DIRECT_OBJC_ISA_USAGE = YES_ERROR;
				CLANG_WARN_DOCUMENTATION_COMMENTS = YES;
				CLANG_WARN_EMPTY_BODY = YES;
				CLANG_WARN_ENUM_CONVERSION = YES;
				CLANG_WARN_INFINITE_RECURSION = YES;
				CLANG_WARN_INT_CONVERSION = YES;
				CLANG_WARN_NON_LITERAL_NULL_CONVERSION = YES;
				CLANG_WARN_OBJC_IMPLICIT_RETAIN_SELF = YES;
				CLANG_WARN_OBJC_LITERAL_CONVERSION = YES;
				CLANG_WARN_OBJC_ROOT_CLASS = YES_ERROR;
				CLANG_WARN_QUOTED_INCLUDE_IN_FRAMEWORK_HEADER = YES;
				CLANG_WARN_RANGE_LOOP_ANALYSIS = YES;
				CLANG_WARN_STRICT_PROTOTYPES = YES;
				CLANG_WARN_SUSPICIOUS_MOVE = YES;
				CLANG_WARN_UNGUARDED_AVAILABILITY = YES_AGGRESSIVE;
				CLANG_WARN_UNREACHABLE_CODE = YES;
				CLANG_WARN__DUPLICATE_METHOD_MATCH = YES;
				COPY_PHASE_STRIP = NO;
				DEBUG_INFORMATION_FORMAT = "dwarf-with-dsym";
				ENABLE_NS_ASSERTIONS = NO;
				ENABLE_STRICT_OBJC_MSGSEND = YES;
				ENABLE_USER_SCRIPT_SANDBOXING = YES;
				GCC_C_LANGUAGE_STANDARD = gnu17;
				GCC_NO_COMMON_BLOCKS = YES;
				GCC_WARN_64_TO_32_BIT_CONVERSION = YES;
				GCC_WARN_ABOUT_RETURN_TYPE = YES_ERROR;
				GCC_WARN_UNDECLARED_SELECTOR = YES;
				GCC_WARN_UNINITIALIZED_AUTOS = YES_AGGRESSIVE;
				GCC_WARN_UNUSED_FUNCTION = YES;
				GCC_WARN_UNUSED_VARIABLE = YES;
				IPHONEOS_DEPLOYMENT_TARGET = 15.0;
				LOCALIZATION_PREFERS_STRING_CATALOGS = YES;
				MTL_ENABLE_DEBUG_INFO = NO;
				MTL_FAST_MATH = YES;
				SDKROOT = iphoneos;
				SWIFT_COMPILATION_MODE = wholemodule;
				VALIDATE_PRODUCT = YES;
			};
			name = Release;
		};
		325535752C612F0900E7B1F3 /* Debug */ = {
			isa = XCBuildConfiguration;
			buildSettings = {
				ASSETCATALOG_COMPILER_APPICON_NAME = AppIcon;
				ASSETCATALOG_COMPILER_GLOBAL_ACCENT_COLOR_NAME = AccentColor;
				CODE_SIGN_STYLE = Automatic;
				CURRENT_PROJECT_VERSION = 1;
				DEVELOPMENT_ASSET_PATHS = "\"EasyBuy_App/Resources/Preview Content\"";
				DEVELOPMENT_TEAM = ZQHM35MVPU;
				ENABLE_PREVIEWS = YES;
				GENERATE_INFOPLIST_FILE = YES;
				INFOPLIST_FILE = "EasyBuy_App/Resources/EasyBuy-App-Info.plist";
				INFOPLIST_KEY_UIApplicationSceneManifest_Generation = YES;
				INFOPLIST_KEY_UIApplicationSupportsIndirectInputEvents = YES;
				INFOPLIST_KEY_UILaunchStoryboardName = AuthenticationView.swift;
				INFOPLIST_KEY_UIStatusBarHidden = NO;
				INFOPLIST_KEY_UIStatusBarStyle = "";
				INFOPLIST_KEY_UISupportedInterfaceOrientations = UIInterfaceOrientationPortrait;
				IPHONEOS_DEPLOYMENT_TARGET = 15.0;
				LD_RUNPATH_SEARCH_PATHS = (
					"$(inherited)",
					"@executable_path/Frameworks",
				);
				MARKETING_VERSION = 1.0;
				PRODUCT_BUNDLE_IDENTIFIER = "LIALKIN-s.EasyBuy-App";
				PRODUCT_NAME = "$(TARGET_NAME)";
				SUPPORTED_PLATFORMS = "iphoneos iphonesimulator";
				SUPPORTS_MACCATALYST = NO;
				SUPPORTS_MAC_DESIGNED_FOR_IPHONE_IPAD = NO;
				SUPPORTS_XR_DESIGNED_FOR_IPHONE_IPAD = NO;
				SWIFT_EMIT_LOC_STRINGS = YES;
				SWIFT_VERSION = 5.0;
				TARGETED_DEVICE_FAMILY = 1;
			};
			name = Debug;
		};
		325535762C612F0900E7B1F3 /* Release */ = {
			isa = XCBuildConfiguration;
			buildSettings = {
				ASSETCATALOG_COMPILER_APPICON_NAME = AppIcon;
				ASSETCATALOG_COMPILER_GLOBAL_ACCENT_COLOR_NAME = AccentColor;
				CODE_SIGN_STYLE = Automatic;
				CURRENT_PROJECT_VERSION = 1;
				DEVELOPMENT_ASSET_PATHS = "\"EasyBuy_App/Resources/Preview Content\"";
				DEVELOPMENT_TEAM = ZQHM35MVPU;
				ENABLE_PREVIEWS = YES;
				GENERATE_INFOPLIST_FILE = YES;
				INFOPLIST_FILE = "EasyBuy_App/Resources/EasyBuy-App-Info.plist";
				INFOPLIST_KEY_UIApplicationSceneManifest_Generation = YES;
				INFOPLIST_KEY_UIApplicationSupportsIndirectInputEvents = YES;
				INFOPLIST_KEY_UILaunchStoryboardName = AuthenticationView.swift;
				INFOPLIST_KEY_UIStatusBarHidden = NO;
				INFOPLIST_KEY_UIStatusBarStyle = "";
				INFOPLIST_KEY_UISupportedInterfaceOrientations = UIInterfaceOrientationPortrait;
				IPHONEOS_DEPLOYMENT_TARGET = 15.0;
				LD_RUNPATH_SEARCH_PATHS = (
					"$(inherited)",
					"@executable_path/Frameworks",
				);
				MARKETING_VERSION = 1.0;
				PRODUCT_BUNDLE_IDENTIFIER = "LIALKIN-s.EasyBuy-App";
				PRODUCT_NAME = "$(TARGET_NAME)";
				SUPPORTED_PLATFORMS = "iphoneos iphonesimulator";
				SUPPORTS_MACCATALYST = NO;
				SUPPORTS_MAC_DESIGNED_FOR_IPHONE_IPAD = NO;
				SUPPORTS_XR_DESIGNED_FOR_IPHONE_IPAD = NO;
				SWIFT_EMIT_LOC_STRINGS = YES;
				SWIFT_VERSION = 5.0;
				TARGETED_DEVICE_FAMILY = 1;
			};
			name = Release;
		};
/* End XCBuildConfiguration section */

/* Begin XCConfigurationList section */
		325535612C612F0700E7B1F3 /* Build configuration list for PBXProject "EasyBuy_App" */ = {
			isa = XCConfigurationList;
			buildConfigurations = (
				325535722C612F0900E7B1F3 /* Debug */,
				325535732C612F0900E7B1F3 /* Release */,
			);
			defaultConfigurationIsVisible = 0;
			defaultConfigurationName = Release;
		};
		325535742C612F0900E7B1F3 /* Build configuration list for PBXNativeTarget "EasyBuy_App" */ = {
			isa = XCConfigurationList;
			buildConfigurations = (
				325535752C612F0900E7B1F3 /* Debug */,
				325535762C612F0900E7B1F3 /* Release */,
			);
			defaultConfigurationIsVisible = 0;
			defaultConfigurationName = Release;
		};
/* End XCConfigurationList section */

/* Begin XCRemoteSwiftPackageReference section */
		320F67B82C8A564B005D6593 /* XCRemoteSwiftPackageReference "GoogleSignIn-iOS" */ = {
			isa = XCRemoteSwiftPackageReference;
			repositoryURL = "https://github.com/google/GoogleSignIn-iOS.git";
			requirement = {
				kind = upToNextMajorVersion;
				minimumVersion = 8.0.0;
			};
		};
/* End XCRemoteSwiftPackageReference section */

/* Begin XCSwiftPackageProductDependency section */
		320F67B92C8A564B005D6593 /* GoogleSignIn */ = {
			isa = XCSwiftPackageProductDependency;
			package = 320F67B82C8A564B005D6593 /* XCRemoteSwiftPackageReference "GoogleSignIn-iOS" */;
			productName = GoogleSignIn;
		};
		320F67BB2C8A564B005D6593 /* GoogleSignInSwift */ = {
			isa = XCSwiftPackageProductDependency;
			package = 320F67B82C8A564B005D6593 /* XCRemoteSwiftPackageReference "GoogleSignIn-iOS" */;
			productName = GoogleSignInSwift;
		};
/* End XCSwiftPackageProductDependency section */
	};
	rootObject = 3255355E2C612F0700E7B1F3 /* Project object */;
}
