// !$*UTF8*$!
{
	archiveVersion = 1;
	classes = {
	};
	objectVersion = 56;
	objects = {

/* Begin PBXBuildFile section */
		3202B5522C623E600047A333 /* AuthenticationView.swift in Sources */ = {isa = PBXBuildFile; fileRef = 3202B5512C623E600047A333 /* AuthenticationView.swift */; };
		3202B5552C62AC5A0047A333 /* Localizable.strings in Resources */ = {isa = PBXBuildFile; fileRef = 3202B5532C62AC5A0047A333 /* Localizable.strings */; };
		323CDD982C63C110009B5182 /* SignUpLogInView.swift in Sources */ = {isa = PBXBuildFile; fileRef = 323CDD972C63C110009B5182 /* SignUpLogInView.swift */; };
		323CDD9C2C63D1FF009B5182 /* SignUpLogInScreens.swift in Sources */ = {isa = PBXBuildFile; fileRef = 323CDD9B2C63D1FF009B5182 /* SignUpLogInScreens.swift */; };
		323CDDA12C63D4C0009B5182 /* NStack.swift in Sources */ = {isa = PBXBuildFile; fileRef = 323CDDA02C63D4BF009B5182 /* NStack.swift */; };
		323CDDA42C63D720009B5182 /* SignUpLogInCoordinator.swift in Sources */ = {isa = PBXBuildFile; fileRef = 323CDDA32C63D720009B5182 /* SignUpLogInCoordinator.swift */; };
		323CDDA82C63D7DF009B5182 /* SignUpLogInCoordinatorView.swift in Sources */ = {isa = PBXBuildFile; fileRef = 323CDDA72C63D7DF009B5182 /* SignUpLogInCoordinatorView.swift */; };
		3249EAC62C64FD87004C478F /* View+Ext.swift in Sources */ = {isa = PBXBuildFile; fileRef = 3249EAC52C64FD87004C478F /* View+Ext.swift */; };
		3255356A2C612F0700E7B1F3 /* EasyBuy_App.swift in Sources */ = {isa = PBXBuildFile; fileRef = 325535692C612F0700E7B1F3 /* EasyBuy_App.swift */; };
		3255356C2C612F0700E7B1F3 /* ContentView.swift in Sources */ = {isa = PBXBuildFile; fileRef = 3255356B2C612F0700E7B1F3 /* ContentView.swift */; };
		3255356E2C612F0900E7B1F3 /* Assets.xcassets in Resources */ = {isa = PBXBuildFile; fileRef = 3255356D2C612F0900E7B1F3 /* Assets.xcassets */; };
		325535712C612F0900E7B1F3 /* Preview Assets.xcassets in Resources */ = {isa = PBXBuildFile; fileRef = 325535702C612F0900E7B1F3 /* Preview Assets.xcassets */; };
		325535792C61351000E7B1F3 /* HttpClient.swift in Sources */ = {isa = PBXBuildFile; fileRef = 325535782C61351000E7B1F3 /* HttpClient.swift */; };
		3255357B2C61353700E7B1F3 /* Constants.swift in Sources */ = {isa = PBXBuildFile; fileRef = 3255357A2C61353700E7B1F3 /* Constants.swift */; };
		3255357E2C613F5D00E7B1F3 /* HttpMethod.swift in Sources */ = {isa = PBXBuildFile; fileRef = 3255357D2C613F5D00E7B1F3 /* HttpMethod.swift */; };
		325535802C613F6500E7B1F3 /* MIMEType.swift in Sources */ = {isa = PBXBuildFile; fileRef = 3255357F2C613F6500E7B1F3 /* MIMEType.swift */; };
		325535822C613F7000E7B1F3 /* HttpHeaders.swift in Sources */ = {isa = PBXBuildFile; fileRef = 325535812C613F7000E7B1F3 /* HttpHeaders.swift */; };
		325535842C613F7900E7B1F3 /* HttpError.swift in Sources */ = {isa = PBXBuildFile; fileRef = 325535832C613F7900E7B1F3 /* HttpError.swift */; };
		32C671C72C6637F800E392D4 /* UIImage+Ext.swift in Sources */ = {isa = PBXBuildFile; fileRef = 32C671C62C6637F800E392D4 /* UIImage+Ext.swift */; };
		32C671C92C6638AB00E392D4 /* View+Modifire.swift in Sources */ = {isa = PBXBuildFile; fileRef = 32C671C82C6638AB00E392D4 /* View+Modifire.swift */; };
		32C671CC2C66395600E392D4 /* BackButtonModifier.swift in Sources */ = {isa = PBXBuildFile; fileRef = 32C671CB2C66395600E392D4 /* BackButtonModifier.swift */; };
/* End PBXBuildFile section */

/* Begin PBXFileReference section */
		3202B5512C623E600047A333 /* AuthenticationView.swift */ = {isa = PBXFileReference; lastKnownFileType = sourcecode.swift; path = AuthenticationView.swift; sourceTree = "<group>"; };
		3202B5542C62AC5A0047A333 /* en */ = {isa = PBXFileReference; lastKnownFileType = text.plist.strings; name = en; path = en.lproj/Localizable.strings; sourceTree = "<group>"; };
		3202B5572C62AC7F0047A333 /* uk */ = {isa = PBXFileReference; lastKnownFileType = text.plist.strings; name = uk; path = uk.lproj/Localizable.strings; sourceTree = "<group>"; };
		323CDD972C63C110009B5182 /* SignUpLogInView.swift */ = {isa = PBXFileReference; lastKnownFileType = sourcecode.swift; path = SignUpLogInView.swift; sourceTree = "<group>"; };
		323CDD9B2C63D1FF009B5182 /* SignUpLogInScreens.swift */ = {isa = PBXFileReference; lastKnownFileType = sourcecode.swift; path = SignUpLogInScreens.swift; sourceTree = "<group>"; };
		323CDDA02C63D4BF009B5182 /* NStack.swift */ = {isa = PBXFileReference; lastKnownFileType = sourcecode.swift; path = NStack.swift; sourceTree = "<group>"; };
		323CDDA32C63D720009B5182 /* SignUpLogInCoordinator.swift */ = {isa = PBXFileReference; lastKnownFileType = sourcecode.swift; path = SignUpLogInCoordinator.swift; sourceTree = "<group>"; };
		323CDDA72C63D7DF009B5182 /* SignUpLogInCoordinatorView.swift */ = {isa = PBXFileReference; lastKnownFileType = sourcecode.swift; path = SignUpLogInCoordinatorView.swift; sourceTree = "<group>"; };
		3249EAC52C64FD87004C478F /* View+Ext.swift */ = {isa = PBXFileReference; lastKnownFileType = sourcecode.swift; path = "View+Ext.swift"; sourceTree = "<group>"; };
		325535662C612F0700E7B1F3 /* EasyBuy_App.app */ = {isa = PBXFileReference; explicitFileType = wrapper.application; includeInIndex = 0; path = EasyBuy_App.app; sourceTree = BUILT_PRODUCTS_DIR; };
		325535692C612F0700E7B1F3 /* EasyBuy_App.swift */ = {isa = PBXFileReference; lastKnownFileType = sourcecode.swift; path = EasyBuy_App.swift; sourceTree = "<group>"; };
		3255356B2C612F0700E7B1F3 /* ContentView.swift */ = {isa = PBXFileReference; lastKnownFileType = sourcecode.swift; path = ContentView.swift; sourceTree = "<group>"; };
		3255356D2C612F0900E7B1F3 /* Assets.xcassets */ = {isa = PBXFileReference; lastKnownFileType = folder.assetcatalog; path = Assets.xcassets; sourceTree = "<group>"; };
		325535702C612F0900E7B1F3 /* Preview Assets.xcassets */ = {isa = PBXFileReference; lastKnownFileType = folder.assetcatalog; path = "Preview Assets.xcassets"; sourceTree = "<group>"; };
		325535782C61351000E7B1F3 /* HttpClient.swift */ = {isa = PBXFileReference; lastKnownFileType = sourcecode.swift; path = HttpClient.swift; sourceTree = "<group>"; };
		3255357A2C61353700E7B1F3 /* Constants.swift */ = {isa = PBXFileReference; lastKnownFileType = sourcecode.swift; path = Constants.swift; sourceTree = "<group>"; };
		3255357D2C613F5D00E7B1F3 /* HttpMethod.swift */ = {isa = PBXFileReference; lastKnownFileType = sourcecode.swift; path = HttpMethod.swift; sourceTree = "<group>"; };
		3255357F2C613F6500E7B1F3 /* MIMEType.swift */ = {isa = PBXFileReference; lastKnownFileType = sourcecode.swift; path = MIMEType.swift; sourceTree = "<group>"; };
		325535812C613F7000E7B1F3 /* HttpHeaders.swift */ = {isa = PBXFileReference; lastKnownFileType = sourcecode.swift; path = HttpHeaders.swift; sourceTree = "<group>"; };
		325535832C613F7900E7B1F3 /* HttpError.swift */ = {isa = PBXFileReference; lastKnownFileType = sourcecode.swift; path = HttpError.swift; sourceTree = "<group>"; };
		32C671C62C6637F800E392D4 /* UIImage+Ext.swift */ = {isa = PBXFileReference; lastKnownFileType = sourcecode.swift; path = "UIImage+Ext.swift"; sourceTree = "<group>"; };
		32C671C82C6638AB00E392D4 /* View+Modifire.swift */ = {isa = PBXFileReference; lastKnownFileType = sourcecode.swift; path = "View+Modifire.swift"; sourceTree = "<group>"; };
		32C671CB2C66395600E392D4 /* BackButtonModifier.swift */ = {isa = PBXFileReference; lastKnownFileType = sourcecode.swift; path = BackButtonModifier.swift; sourceTree = "<group>"; };
/* End PBXFileReference section */

/* Begin PBXFrameworksBuildPhase section */
		325535632C612F0700E7B1F3 /* Frameworks */ = {
			isa = PBXFrameworksBuildPhase;
			buildActionMask = 2147483647;
			files = (
			);
			runOnlyForDeploymentPostprocessing = 0;
		};
/* End PBXFrameworksBuildPhase section */

/* Begin PBXGroup section */
		3202B54A2C622BA50047A333 /* SignUpLogIn */ = {
			isa = PBXGroup;
			children = (
				3202B54B2C623AAE0047A333 /* Models */,
				3202B54C2C623AB50047A333 /* Views */,
				3202B54D2C623ACA0047A333 /* ViewModels */,
				323CDDA22C63D685009B5182 /* Coordinator */,
			);
			path = SignUpLogIn;
			sourceTree = "<group>";
		};
		3202B54B2C623AAE0047A333 /* Models */ = {
			isa = PBXGroup;
			children = (
				323CDD9B2C63D1FF009B5182 /* SignUpLogInScreens.swift */,
			);
			path = Models;
			sourceTree = "<group>";
		};
		3202B54C2C623AB50047A333 /* Views */ = {
			isa = PBXGroup;
			children = (
				323CDDA72C63D7DF009B5182 /* SignUpLogInCoordinatorView.swift */,
				3202B5512C623E600047A333 /* AuthenticationView.swift */,
				323CDD972C63C110009B5182 /* SignUpLogInView.swift */,
			);
			path = Views;
			sourceTree = "<group>";
		};
		3202B54D2C623ACA0047A333 /* ViewModels */ = {
			isa = PBXGroup;
			children = (
			);
			path = ViewModels;
			sourceTree = "<group>";
		};
		3202B54E2C623AFB0047A333 /* App Lifecycle */ = {
			isa = PBXGroup;
			children = (
				325535692C612F0700E7B1F3 /* EasyBuy_App.swift */,
			);
			path = "App Lifecycle";
			sourceTree = "<group>";
		};
		3202B54F2C623B240047A333 /* Resources */ = {
			isa = PBXGroup;
			children = (
				3255356D2C612F0900E7B1F3 /* Assets.xcassets */,
				3255356F2C612F0900E7B1F3 /* Preview Content */,
				3202B5532C62AC5A0047A333 /* Localizable.strings */,
			);
			path = Resources;
			sourceTree = "<group>";
		};
		323CDD9D2C63D295009B5182 /* Extensions */ = {
			isa = PBXGroup;
			children = (
				32C671C32C66378B00E392D4 /* SwiftUI */,
				32C671C42C66379600E392D4 /* UIKit */,
			);
			path = Extensions;
			sourceTree = "<group>";
		};
		323CDDA22C63D685009B5182 /* Coordinator */ = {
			isa = PBXGroup;
			children = (
				323CDDA32C63D720009B5182 /* SignUpLogInCoordinator.swift */,
			);
			path = Coordinator;
			sourceTree = "<group>";
		};
		3255355D2C612F0700E7B1F3 = {
			isa = PBXGroup;
			children = (
				325535682C612F0700E7B1F3 /* EasyBuy_App */,
				325535672C612F0700E7B1F3 /* Products */,
			);
			sourceTree = "<group>";
		};
		325535672C612F0700E7B1F3 /* Products */ = {
			isa = PBXGroup;
			children = (
				325535662C612F0700E7B1F3 /* EasyBuy_App.app */,
			);
			name = Products;
			sourceTree = "<group>";
		};
		325535682C612F0700E7B1F3 /* EasyBuy_App */ = {
			isa = PBXGroup;
			children = (
				3202B54E2C623AFB0047A333 /* App Lifecycle */,
				3255356B2C612F0700E7B1F3 /* ContentView.swift */,
				3202B54A2C622BA50047A333 /* SignUpLogIn */,
				325535772C6134F900E7B1F3 /* Utitlities */,
				3202B54F2C623B240047A333 /* Resources */,
			);
			path = EasyBuy_App;
			sourceTree = "<group>";
		};
		3255356F2C612F0900E7B1F3 /* Preview Content */ = {
			isa = PBXGroup;
			children = (
				325535702C612F0900E7B1F3 /* Preview Assets.xcassets */,
			);
			path = "Preview Content";
			sourceTree = "<group>";
		};
		325535772C6134F900E7B1F3 /* Utitlities */ = {
			isa = PBXGroup;
			children = (
				32C671CA2C66394700E392D4 /* Modifier */,
				323CDD9D2C63D295009B5182 /* Extensions */,
				32C671C52C6637AE00E392D4 /* Coordinator */,
				3255357C2C613F2F00E7B1F3 /* HttpCient */,
			);
			path = Utitlities;
			sourceTree = "<group>";
		};
		3255357C2C613F2F00E7B1F3 /* HttpCient */ = {
			isa = PBXGroup;
			children = (
				3255357A2C61353700E7B1F3 /* Constants.swift */,
				3255357D2C613F5D00E7B1F3 /* HttpMethod.swift */,
				3255357F2C613F6500E7B1F3 /* MIMEType.swift */,
				325535812C613F7000E7B1F3 /* HttpHeaders.swift */,
				325535832C613F7900E7B1F3 /* HttpError.swift */,
				325535782C61351000E7B1F3 /* HttpClient.swift */,
			);
			path = HttpCient;
			sourceTree = "<group>";
		};
		32C671C32C66378B00E392D4 /* SwiftUI */ = {
			isa = PBXGroup;
			children = (
				3249EAC52C64FD87004C478F /* View+Ext.swift */,
				32C671C82C6638AB00E392D4 /* View+Modifire.swift */,
			);
			path = SwiftUI;
			sourceTree = "<group>";
		};
		32C671C42C66379600E392D4 /* UIKit */ = {
			isa = PBXGroup;
			children = (
				32C671C62C6637F800E392D4 /* UIImage+Ext.swift */,
			);
			path = UIKit;
			sourceTree = "<group>";
		};
		32C671C52C6637AE00E392D4 /* Coordinator */ = {
			isa = PBXGroup;
			children = (
				323CDDA02C63D4BF009B5182 /* NStack.swift */,
			);
			path = Coordinator;
			sourceTree = "<group>";
		};
		32C671CA2C66394700E392D4 /* Modifier */ = {
			isa = PBXGroup;
			children = (
				32C671CB2C66395600E392D4 /* BackButtonModifier.swift */,
			);
			path = Modifier;
			sourceTree = "<group>";
		};
/* End PBXGroup section */

/* Begin PBXNativeTarget section */
		325535652C612F0700E7B1F3 /* EasyBuy_App */ = {
			isa = PBXNativeTarget;
			buildConfigurationList = 325535742C612F0900E7B1F3 /* Build configuration list for PBXNativeTarget "EasyBuy_App" */;
			buildPhases = (
				325535622C612F0700E7B1F3 /* Sources */,
				325535632C612F0700E7B1F3 /* Frameworks */,
				325535642C612F0700E7B1F3 /* Resources */,
			);
			buildRules = (
			);
			dependencies = (
			);
			name = EasyBuy_App;
			productName = EasyBuy_App;
			productReference = 325535662C612F0700E7B1F3 /* EasyBuy_App.app */;
			productType = "com.apple.product-type.application";
		};
/* End PBXNativeTarget section */

/* Begin PBXProject section */
		3255355E2C612F0700E7B1F3 /* Project object */ = {
			isa = PBXProject;
			attributes = {
				BuildIndependentTargetsInParallel = 1;
				LastSwiftUpdateCheck = 1540;
				LastUpgradeCheck = 1540;
				TargetAttributes = {
					325535652C612F0700E7B1F3 = {
						CreatedOnToolsVersion = 15.4;
					};
				};
			};
			buildConfigurationList = 325535612C612F0700E7B1F3 /* Build configuration list for PBXProject "EasyBuy_App" */;
			compatibilityVersion = "Xcode 14.0";
			developmentRegion = en;
			hasScannedForEncodings = 0;
			knownRegions = (
				en,
				Base,
				uk,
			);
			mainGroup = 3255355D2C612F0700E7B1F3;
			productRefGroup = 325535672C612F0700E7B1F3 /* Products */;
			projectDirPath = "";
			projectRoot = "";
			targets = (
				325535652C612F0700E7B1F3 /* EasyBuy_App */,
			);
		};
/* End PBXProject section */

/* Begin PBXResourcesBuildPhase section */
		325535642C612F0700E7B1F3 /* Resources */ = {
			isa = PBXResourcesBuildPhase;
			buildActionMask = 2147483647;
			files = (
				325535712C612F0900E7B1F3 /* Preview Assets.xcassets in Resources */,
				3202B5552C62AC5A0047A333 /* Localizable.strings in Resources */,
				3255356E2C612F0900E7B1F3 /* Assets.xcassets in Resources */,
			);
			runOnlyForDeploymentPostprocessing = 0;
		};
/* End PBXResourcesBuildPhase section */

/* Begin PBXSourcesBuildPhase section */
		325535622C612F0700E7B1F3 /* Sources */ = {
			isa = PBXSourcesBuildPhase;
			buildActionMask = 2147483647;
			files = (
				32C671CC2C66395600E392D4 /* BackButtonModifier.swift in Sources */,
				3249EAC62C64FD87004C478F /* View+Ext.swift in Sources */,
				323CDD982C63C110009B5182 /* SignUpLogInView.swift in Sources */,
				32C671C72C6637F800E392D4 /* UIImage+Ext.swift in Sources */,
				3255356C2C612F0700E7B1F3 /* ContentView.swift in Sources */,
				323CDDA12C63D4C0009B5182 /* NStack.swift in Sources */,
				325535802C613F6500E7B1F3 /* MIMEType.swift in Sources */,
				323CDDA42C63D720009B5182 /* SignUpLogInCoordinator.swift in Sources */,
				325535792C61351000E7B1F3 /* HttpClient.swift in Sources */,
				325535822C613F7000E7B1F3 /* HttpHeaders.swift in Sources */,
				325535842C613F7900E7B1F3 /* HttpError.swift in Sources */,
				3255357E2C613F5D00E7B1F3 /* HttpMethod.swift in Sources */,
				3255356A2C612F0700E7B1F3 /* EasyBuy_App.swift in Sources */,
				3202B5522C623E600047A333 /* AuthenticationView.swift in Sources */,
				323CDD9C2C63D1FF009B5182 /* SignUpLogInScreens.swift in Sources */,
				3255357B2C61353700E7B1F3 /* Constants.swift in Sources */,
				323CDDA82C63D7DF009B5182 /* SignUpLogInCoordinatorView.swift in Sources */,
				32C671C92C6638AB00E392D4 /* View+Modifire.swift in Sources */,
			);
			runOnlyForDeploymentPostprocessing = 0;
		};
/* End PBXSourcesBuildPhase section */

/* Begin PBXVariantGroup section */
		3202B5532C62AC5A0047A333 /* Localizable.strings */ = {
			isa = PBXVariantGroup;
			children = (
				3202B5542C62AC5A0047A333 /* en */,
				3202B5572C62AC7F0047A333 /* uk */,
			);
			name = Localizable.strings;
			sourceTree = "<group>";
		};
/* End PBXVariantGroup section */

/* Begin XCBuildConfiguration section */
		325535722C612F0900E7B1F3 /* Debug */ = {
			isa = XCBuildConfiguration;
			buildSettings = {
				ALWAYS_SEARCH_USER_PATHS = NO;
				ASSETCATALOG_COMPILER_GENERATE_SWIFT_ASSET_SYMBOL_EXTENSIONS = YES;
				CLANG_ANALYZER_LOCALIZABILITY_NONLOCALIZED = YES;
				CLANG_ANALYZER_NONNULL = YES;
				CLANG_ANALYZER_NUMBER_OBJECT_CONVERSION = YES_AGGRESSIVE;
				CLANG_CXX_LANGUAGE_STANDARD = "gnu++20";
				CLANG_ENABLE_MODULES = YES;
				CLANG_ENABLE_OBJC_ARC = YES;
				CLANG_ENABLE_OBJC_WEAK = YES;
				CLANG_WARN_BLOCK_CAPTURE_AUTORELEASING = YES;
				CLANG_WARN_BOOL_CONVERSION = YES;
				CLANG_WARN_COMMA = YES;
				CLANG_WARN_CONSTANT_CONVERSION = YES;
				CLANG_WARN_DEPRECATED_OBJC_IMPLEMENTATIONS = YES;
				CLANG_WARN_DIRECT_OBJC_ISA_USAGE = YES_ERROR;
				CLANG_WARN_DOCUMENTATION_COMMENTS = YES;
				CLANG_WARN_EMPTY_BODY = YES;
				CLANG_WARN_ENUM_CONVERSION = YES;
				CLANG_WARN_INFINITE_RECURSION = YES;
				CLANG_WARN_INT_CONVERSION = YES;
				CLANG_WARN_NON_LITERAL_NULL_CONVERSION = YES;
				CLANG_WARN_OBJC_IMPLICIT_RETAIN_SELF = YES;
				CLANG_WARN_OBJC_LITERAL_CONVERSION = YES;
				CLANG_WARN_OBJC_ROOT_CLASS = YES_ERROR;
				CLANG_WARN_QUOTED_INCLUDE_IN_FRAMEWORK_HEADER = YES;
				CLANG_WARN_RANGE_LOOP_ANALYSIS = YES;
				CLANG_WARN_STRICT_PROTOTYPES = YES;
				CLANG_WARN_SUSPICIOUS_MOVE = YES;
				CLANG_WARN_UNGUARDED_AVAILABILITY = YES_AGGRESSIVE;
				CLANG_WARN_UNREACHABLE_CODE = YES;
				CLANG_WARN__DUPLICATE_METHOD_MATCH = YES;
				COPY_PHASE_STRIP = NO;
				DEBUG_INFORMATION_FORMAT = dwarf;
				ENABLE_STRICT_OBJC_MSGSEND = YES;
				ENABLE_TESTABILITY = YES;
				ENABLE_USER_SCRIPT_SANDBOXING = YES;
				GCC_C_LANGUAGE_STANDARD = gnu17;
				GCC_DYNAMIC_NO_PIC = NO;
				GCC_NO_COMMON_BLOCKS = YES;
				GCC_OPTIMIZATION_LEVEL = 0;
				GCC_PREPROCESSOR_DEFINITIONS = (
					"DEBUG=1",
					"$(inherited)",
				);
				GCC_WARN_64_TO_32_BIT_CONVERSION = YES;
				GCC_WARN_ABOUT_RETURN_TYPE = YES_ERROR;
				GCC_WARN_UNDECLARED_SELECTOR = YES;
				GCC_WARN_UNINITIALIZED_AUTOS = YES_AGGRESSIVE;
				GCC_WARN_UNUSED_FUNCTION = YES;
				GCC_WARN_UNUSED_VARIABLE = YES;
				IPHONEOS_DEPLOYMENT_TARGET = 15.0;
				LOCALIZATION_PREFERS_STRING_CATALOGS = YES;
				MTL_ENABLE_DEBUG_INFO = INCLUDE_SOURCE;
				MTL_FAST_MATH = YES;
				ONLY_ACTIVE_ARCH = YES;
				SDKROOT = iphoneos;
				SWIFT_ACTIVE_COMPILATION_CONDITIONS = "DEBUG $(inherited)";
				SWIFT_OPTIMIZATION_LEVEL = "-Onone";
			};
			name = Debug;
		};
		325535732C612F0900E7B1F3 /* Release */ = {
			isa = XCBuildConfiguration;
			buildSettings = {
				ALWAYS_SEARCH_USER_PATHS = NO;
				ASSETCATALOG_COMPILER_GENERATE_SWIFT_ASSET_SYMBOL_EXTENSIONS = YES;
				CLANG_ANALYZER_LOCALIZABILITY_NONLOCALIZED = YES;
				CLANG_ANALYZER_NONNULL = YES;
				CLANG_ANALYZER_NUMBER_OBJECT_CONVERSION = YES_AGGRESSIVE;
				CLANG_CXX_LANGUAGE_STANDARD = "gnu++20";
				CLANG_ENABLE_MODULES = YES;
				CLANG_ENABLE_OBJC_ARC = YES;
				CLANG_ENABLE_OBJC_WEAK = YES;
				CLANG_WARN_BLOCK_CAPTURE_AUTORELEASING = YES;
				CLANG_WARN_BOOL_CONVERSION = YES;
				CLANG_WARN_COMMA = YES;
				CLANG_WARN_CONSTANT_CONVERSION = YES;
				CLANG_WARN_DEPRECATED_OBJC_IMPLEMENTATIONS = YES;
				CLANG_WARN_DIRECT_OBJC_ISA_USAGE = YES_ERROR;
				CLANG_WARN_DOCUMENTATION_COMMENTS = YES;
				CLANG_WARN_EMPTY_BODY = YES;
				CLANG_WARN_ENUM_CONVERSION = YES;
				CLANG_WARN_INFINITE_RECURSION = YES;
				CLANG_WARN_INT_CONVERSION = YES;
				CLANG_WARN_NON_LITERAL_NULL_CONVERSION = YES;
				CLANG_WARN_OBJC_IMPLICIT_RETAIN_SELF = YES;
				CLANG_WARN_OBJC_LITERAL_CONVERSION = YES;
				CLANG_WARN_OBJC_ROOT_CLASS = YES_ERROR;
				CLANG_WARN_QUOTED_INCLUDE_IN_FRAMEWORK_HEADER = YES;
				CLANG_WARN_RANGE_LOOP_ANALYSIS = YES;
				CLANG_WARN_STRICT_PROTOTYPES = YES;
				CLANG_WARN_SUSPICIOUS_MOVE = YES;
				CLANG_WARN_UNGUARDED_AVAILABILITY = YES_AGGRESSIVE;
				CLANG_WARN_UNREACHABLE_CODE = YES;
				CLANG_WARN__DUPLICATE_METHOD_MATCH = YES;
				COPY_PHASE_STRIP = NO;
				DEBUG_INFORMATION_FORMAT = "dwarf-with-dsym";
				ENABLE_NS_ASSERTIONS = NO;
				ENABLE_STRICT_OBJC_MSGSEND = YES;
				ENABLE_USER_SCRIPT_SANDBOXING = YES;
				GCC_C_LANGUAGE_STANDARD = gnu17;
				GCC_NO_COMMON_BLOCKS = YES;
				GCC_WARN_64_TO_32_BIT_CONVERSION = YES;
				GCC_WARN_ABOUT_RETURN_TYPE = YES_ERROR;
				GCC_WARN_UNDECLARED_SELECTOR = YES;
				GCC_WARN_UNINITIALIZED_AUTOS = YES_AGGRESSIVE;
				GCC_WARN_UNUSED_FUNCTION = YES;
				GCC_WARN_UNUSED_VARIABLE = YES;
				IPHONEOS_DEPLOYMENT_TARGET = 15.0;
				LOCALIZATION_PREFERS_STRING_CATALOGS = YES;
				MTL_ENABLE_DEBUG_INFO = NO;
				MTL_FAST_MATH = YES;
				SDKROOT = iphoneos;
				SWIFT_COMPILATION_MODE = wholemodule;
				VALIDATE_PRODUCT = YES;
			};
			name = Release;
		};
		325535752C612F0900E7B1F3 /* Debug */ = {
			isa = XCBuildConfiguration;
			buildSettings = {
				ASSETCATALOG_COMPILER_APPICON_NAME = AppIcon;
				ASSETCATALOG_COMPILER_GLOBAL_ACCENT_COLOR_NAME = AccentColor;
				CODE_SIGN_STYLE = Automatic;
				CURRENT_PROJECT_VERSION = 1;
				DEVELOPMENT_ASSET_PATHS = "\"EasyBuy_App/Resources/Preview Content\"";
				DEVELOPMENT_TEAM = ZQHM35MVPU;
				ENABLE_PREVIEWS = YES;
				GENERATE_INFOPLIST_FILE = YES;
				INFOPLIST_KEY_UIApplicationSceneManifest_Generation = YES;
				INFOPLIST_KEY_UIApplicationSupportsIndirectInputEvents = YES;
				INFOPLIST_KEY_UILaunchScreen_Generation = YES;
				INFOPLIST_KEY_UILaunchStoryboardName = AuthenticationView.swift;
				INFOPLIST_KEY_UISupportedInterfaceOrientations = UIInterfaceOrientationPortrait;
				IPHONEOS_DEPLOYMENT_TARGET = 15.0;
				LD_RUNPATH_SEARCH_PATHS = (
					"$(inherited)",
					"@executable_path/Frameworks",
				);
				MARKETING_VERSION = 1.0;
				PRODUCT_BUNDLE_IDENTIFIER = "LIALKIN-s.EasyBuy-App";
				PRODUCT_NAME = "$(TARGET_NAME)";
				SUPPORTED_PLATFORMS = "iphoneos iphonesimulator";
				SUPPORTS_MACCATALYST = NO;
				SUPPORTS_MAC_DESIGNED_FOR_IPHONE_IPAD = NO;
				SUPPORTS_XR_DESIGNED_FOR_IPHONE_IPAD = NO;
				SWIFT_EMIT_LOC_STRINGS = YES;
				SWIFT_VERSION = 5.0;
				TARGETED_DEVICE_FAMILY = 1;
			};
			name = Debug;
		};
		325535762C612F0900E7B1F3 /* Release */ = {
			isa = XCBuildConfiguration;
			buildSettings = {
				ASSETCATALOG_COMPILER_APPICON_NAME = AppIcon;
				ASSETCATALOG_COMPILER_GLOBAL_ACCENT_COLOR_NAME = AccentColor;
				CODE_SIGN_STYLE = Automatic;
				CURRENT_PROJECT_VERSION = 1;
				DEVELOPMENT_ASSET_PATHS = "\"EasyBuy_App/Resources/Preview Content\"";
				DEVELOPMENT_TEAM = ZQHM35MVPU;
				ENABLE_PREVIEWS = YES;
				GENERATE_INFOPLIST_FILE = YES;
				INFOPLIST_KEY_UIApplicationSceneManifest_Generation = YES;
				INFOPLIST_KEY_UIApplicationSupportsIndirectInputEvents = YES;
				INFOPLIST_KEY_UILaunchScreen_Generation = YES;
				INFOPLIST_KEY_UILaunchStoryboardName = AuthenticationView.swift;
				INFOPLIST_KEY_UISupportedInterfaceOrientations = UIInterfaceOrientationPortrait;
				IPHONEOS_DEPLOYMENT_TARGET = 15.0;
				LD_RUNPATH_SEARCH_PATHS = (
					"$(inherited)",
					"@executable_path/Frameworks",
				);
				MARKETING_VERSION = 1.0;
				PRODUCT_BUNDLE_IDENTIFIER = "LIALKIN-s.EasyBuy-App";
				PRODUCT_NAME = "$(TARGET_NAME)";
				SUPPORTED_PLATFORMS = "iphoneos iphonesimulator";
				SUPPORTS_MACCATALYST = NO;
				SUPPORTS_MAC_DESIGNED_FOR_IPHONE_IPAD = NO;
				SUPPORTS_XR_DESIGNED_FOR_IPHONE_IPAD = NO;
				SWIFT_EMIT_LOC_STRINGS = YES;
				SWIFT_VERSION = 5.0;
				TARGETED_DEVICE_FAMILY = 1;
			};
			name = Release;
		};
/* End XCBuildConfiguration section */

/* Begin XCConfigurationList section */
		325535612C612F0700E7B1F3 /* Build configuration list for PBXProject "EasyBuy_App" */ = {
			isa = XCConfigurationList;
			buildConfigurations = (
				325535722C612F0900E7B1F3 /* Debug */,
				325535732C612F0900E7B1F3 /* Release */,
			);
			defaultConfigurationIsVisible = 0;
			defaultConfigurationName = Release;
		};
		325535742C612F0900E7B1F3 /* Build configuration list for PBXNativeTarget "EasyBuy_App" */ = {
			isa = XCConfigurationList;
			buildConfigurations = (
				325535752C612F0900E7B1F3 /* Debug */,
				325535762C612F0900E7B1F3 /* Release */,
			);
			defaultConfigurationIsVisible = 0;
			defaultConfigurationName = Release;
		};
/* End XCConfigurationList section */
	};
	rootObject = 3255355E2C612F0700E7B1F3 /* Project object */;
}
